# This file is automatically @generated by Poetry 1.4.0 and should not be changed by hand.

[[package]]
name = "annotated-types"
version = "0.7.0"
description = "Reusable constraint types to use with typing.Annotated"
category = "main"
optional = false
python-versions = ">=3.8"
files = [
    {file = "annotated_types-0.7.0-py3-none-any.whl", hash = "sha256:1f02e8b43a8fbbc3f3e0d4f0f4bfc8131bcb4eebe8849b8e5c773f3a1c582a53"},
    {file = "annotated_types-0.7.0.tar.gz", hash = "sha256:aff07c09a53a08bc8cfccb9c85b05f1aa9a2a6f23728d790723543408344ce89"},
]

[[package]]
name = "bitarray"
version = "3.0.0"
description = "efficient arrays of booleans -- C extension"
category = "main"
optional = false
python-versions = "*"
files = [
    {file = "bitarray-3.0.0-cp310-cp310-macosx_10_9_universal2.whl", hash = "sha256:5ddbf71a97ad1d6252e6e93d2d703b624d0a5b77c153b12f9ea87d83e1250e0c"},
    {file = "bitarray-3.0.0-cp310-cp310-macosx_10_9_x86_64.whl", hash = "sha256:e0e7f24a0b01e6e6a0191c50b06ca8edfdec1988d9d2b264d669d2487f4f4680"},
    {file = "bitarray-3.0.0-cp310-cp310-macosx_11_0_arm64.whl", hash = "sha256:150b7b29c36d9f1a24779aea723fdfc73d1c1c161dc0ea14990da27d4e947092"},
    {file = "bitarray-3.0.0-cp310-cp310-manylinux_2_17_aarch64.manylinux2014_aarch64.whl", hash = "sha256:8330912be6cb8e2fbfe8eb69f82dee139d605730cadf8d50882103af9ac83bb4"},
    {file = "bitarray-3.0.0-cp310-cp310-manylinux_2_17_ppc64le.manylinux2014_ppc64le.whl", hash = "sha256:e56ba8be5f17dee0ffa6d6ce85251e062ded2faa3cbd2558659c671e6c3bf96d"},
    {file = "bitarray-3.0.0-cp310-cp310-manylinux_2_17_s390x.manylinux2014_s390x.whl", hash = "sha256:ffd94b4803811c738e504a4b499fb2f848b2f7412d71e6b517508217c1d7929d"},
    {file = "bitarray-3.0.0-cp310-cp310-manylinux_2_17_x86_64.manylinux2014_x86_64.whl", hash = "sha256:a0255bd05ec7165e512c115423a5255a3f301417973d20a80fc5bfc3f3640bcb"},
    {file = "bitarray-3.0.0-cp310-cp310-manylinux_2_5_i686.manylinux1_i686.manylinux_2_17_i686.manylinux2014_i686.whl", hash = "sha256:fe606e728842389943a939258809dc5db2de831b1d2e0118515059e87f7bbc1a"},
    {file = "bitarray-3.0.0-cp310-cp310-musllinux_1_2_aarch64.whl", hash = "sha256:e89ea59a3ed86a6eb150d016ed28b1bedf892802d0ed32b5659d3199440f3ced"},
    {file = "bitarray-3.0.0-cp310-cp310-musllinux_1_2_i686.whl", hash = "sha256:cf0cc2e91dd38122dec2e6541efa99aafb0a62e118179218181eff720b4b8153"},
    {file = "bitarray-3.0.0-cp310-cp310-musllinux_1_2_ppc64le.whl", hash = "sha256:2d9fe3ee51afeb909b68f97e14c6539ace3f4faa99b21012e610bbe7315c388d"},
    {file = "bitarray-3.0.0-cp310-cp310-musllinux_1_2_s390x.whl", hash = "sha256:37be5482b9df3105bad00fdf7dc65244e449b130867c3879c9db1db7d72e508b"},
    {file = "bitarray-3.0.0-cp310-cp310-musllinux_1_2_x86_64.whl", hash = "sha256:0027b8f3bb2bba914c79115e96a59b9924aafa1a578223a7c4f0a7242d349842"},
    {file = "bitarray-3.0.0-cp310-cp310-win32.whl", hash = "sha256:628f93e9c2c23930bd1cfe21c634d6c84ec30f45f23e69aefe1fcd262186d7bb"},
    {file = "bitarray-3.0.0-cp310-cp310-win_amd64.whl", hash = "sha256:0b655c3110e315219e266b2732609fddb0857bc69593de29f3c2ba74b7d3f51a"},
    {file = "bitarray-3.0.0-cp311-cp311-macosx_10_9_universal2.whl", hash = "sha256:44c3e78b60070389b824d5a654afa1c893df723153c81904088d4922c3cfb6ac"},
    {file = "bitarray-3.0.0-cp311-cp311-macosx_10_9_x86_64.whl", hash = "sha256:545d36332de81e4742a845a80df89530ff193213a50b4cbef937ed5a44c0e5e5"},
    {file = "bitarray-3.0.0-cp311-cp311-macosx_11_0_arm64.whl", hash = "sha256:8a9eb510cde3fa78c2e302bece510bf5ed494ec40e6b082dec753d6e22d5d1b1"},
    {file = "bitarray-3.0.0-cp311-cp311-manylinux_2_17_aarch64.manylinux2014_aarch64.whl", hash = "sha256:9e3727ab63dfb6bde00b281934e2212bb7529ea3006c0031a556a84d2268bea5"},
    {file = "bitarray-3.0.0-cp311-cp311-manylinux_2_17_ppc64le.manylinux2014_ppc64le.whl", hash = "sha256:2055206ed653bee0b56628f6a4d248d53e5660228d355bbec0014bdfa27050ae"},
    {file = "bitarray-3.0.0-cp311-cp311-manylinux_2_17_s390x.manylinux2014_s390x.whl", hash = "sha256:147542299f458bdb177f798726e5f7d39ab8491de4182c3c6d9885ed275a3c2b"},
    {file = "bitarray-3.0.0-cp311-cp311-manylinux_2_17_x86_64.manylinux2014_x86_64.whl", hash = "sha256:d3f761184b93092077c7f6b7dad7bd4e671c1620404a76620da7872ceb576a94"},
    {file = "bitarray-3.0.0-cp311-cp311-manylinux_2_5_i686.manylinux1_i686.manylinux_2_17_i686.manylinux2014_i686.whl", hash = "sha256:e008b7b4ce6c7f7a54b250c45c28d4243cc2a3bbfd5298fa7dac92afda229842"},
    {file = "bitarray-3.0.0-cp311-cp311-musllinux_1_2_aarch64.whl", hash = "sha256:dfea514e665af278b2e1d4deb542de1cd4f77413bee83dd15ae16175976ea8d5"},
    {file = "bitarray-3.0.0-cp311-cp311-musllinux_1_2_i686.whl", hash = "sha256:66d6134b7bb737b88f1d16478ad0927c571387f6054f4afa5557825a4c1b78e2"},
    {file = "bitarray-3.0.0-cp311-cp311-musllinux_1_2_ppc64le.whl", hash = "sha256:3cd565253889940b4ec4768d24f101d9fe111cad4606fdb203ea16f9797cf9ed"},
    {file = "bitarray-3.0.0-cp311-cp311-musllinux_1_2_s390x.whl", hash = "sha256:4800c91a14656789d2e67d9513359e23e8a534c8ee1482bb9b517a4cfc845200"},
    {file = "bitarray-3.0.0-cp311-cp311-musllinux_1_2_x86_64.whl", hash = "sha256:c2945e0390d1329c585c584c6b6d78be017d9c6a1288f9c92006fe907f69cc28"},
    {file = "bitarray-3.0.0-cp311-cp311-win32.whl", hash = "sha256:c23286abba0cb509733c6ce8f4013cd951672c332b2e184dbefbd7331cd234c8"},
    {file = "bitarray-3.0.0-cp311-cp311-win_amd64.whl", hash = "sha256:ca79f02a98cbda1472449d440592a2fe2ad96fe55515a0447fa8864a38017cf8"},
    {file = "bitarray-3.0.0-cp312-cp312-macosx_10_13_universal2.whl", hash = "sha256:184972c96e1c7e691be60c3792ca1a51dd22b7f25d96ebea502fe3c9b554f25d"},
    {file = "bitarray-3.0.0-cp312-cp312-macosx_10_13_x86_64.whl", hash = "sha256:787db8da5e9e29be712f7a6bce153c7bc8697ccc2c38633e347bb9c82475d5c9"},
    {file = "bitarray-3.0.0-cp312-cp312-macosx_11_0_arm64.whl", hash = "sha256:2da91ab3633c66999c2a352f0ca9ae064f553e5fc0eca231d28e7e305b83e942"},
    {file = "bitarray-3.0.0-cp312-cp312-manylinux_2_17_aarch64.manylinux2014_aarch64.whl", hash = "sha256:7edb83089acbf2c86c8002b96599071931dc4ea5e1513e08306f6f7df879a48b"},
    {file = "bitarray-3.0.0-cp312-cp312-manylinux_2_17_ppc64le.manylinux2014_ppc64le.whl", hash = "sha256:996d1b83eb904589f40974538223eaed1ab0f62be8a5105c280b9bd849e685c4"},
    {file = "bitarray-3.0.0-cp312-cp312-manylinux_2_17_s390x.manylinux2014_s390x.whl", hash = "sha256:4817d73d995bd2b977d9cde6050be8d407791cf1f84c8047fa0bea88c1b815bc"},
    {file = "bitarray-3.0.0-cp312-cp312-manylinux_2_17_x86_64.manylinux2014_x86_64.whl", hash = "sha256:3d47bc4ff9b0e1624d613563c6fa7b80aebe7863c56c3df5ab238bb7134e8755"},
    {file = "bitarray-3.0.0-cp312-cp312-manylinux_2_5_i686.manylinux1_i686.manylinux_2_17_i686.manylinux2014_i686.whl", hash = "sha256:aca0a9cd376beaccd9f504961de83e776dd209c2de5a4c78dc87a78edf61839b"},
    {file = "bitarray-3.0.0-cp312-cp312-musllinux_1_2_aarch64.whl", hash = "sha256:572a61fba7e3a710a8324771322fba8488d134034d349dcd036a7aef74723a80"},
    {file = "bitarray-3.0.0-cp312-cp312-musllinux_1_2_i686.whl", hash = "sha256:a817ad70c1aff217530576b4f037dd9b539eb2926603354fcac605d824082ad1"},
    {file = "bitarray-3.0.0-cp312-cp312-musllinux_1_2_ppc64le.whl", hash = "sha256:2ac67b658fa5426503e9581a3fb44a26a3b346c1abd17105735f07db572195b3"},
    {file = "bitarray-3.0.0-cp312-cp312-musllinux_1_2_s390x.whl", hash = "sha256:12f19ede03e685c5c588ab5ed63167999295ffab5e1126c5fe97d12c0718c18f"},
    {file = "bitarray-3.0.0-cp312-cp312-musllinux_1_2_x86_64.whl", hash = "sha256:fcef31b062f756ba7eebcd7890c5d5de84b9d64ee877325257bcc9782288564a"},
    {file = "bitarray-3.0.0-cp312-cp312-win32.whl", hash = "sha256:656db7bdf1d81ec3b57b3cad7ec7276765964bcfd0eb81c5d1331f385298169c"},
    {file = "bitarray-3.0.0-cp312-cp312-win_amd64.whl", hash = "sha256:f785af6b7cb07a9b1e5db0dea9ef9e3e8bb3d74874a0a61303eab9c16acc1999"},
    {file = "bitarray-3.0.0-cp313-cp313-macosx_10_13_universal2.whl", hash = "sha256:7cb885c043000924554fe2124d13084c8fdae03aec52c4086915cd4cb87fe8be"},
    {file = "bitarray-3.0.0-cp313-cp313-macosx_10_13_x86_64.whl", hash = "sha256:7814c9924a0b30ecd401f02f082d8697fc5a5be3f8d407efa6e34531ff3c306a"},
    {file = "bitarray-3.0.0-cp313-cp313-macosx_11_0_arm64.whl", hash = "sha256:bcf524a087b143ba736aebbb054bb399d49e77cf7c04ed24c728e411adc82bfa"},
    {file = "bitarray-3.0.0-cp313-cp313-manylinux_2_17_aarch64.manylinux2014_aarch64.whl", hash = "sha256:d1d5abf1d6d910599ac16afdd9a0ed3e24f3b46af57f3070cf2792f236f36e0b"},
    {file = "bitarray-3.0.0-cp313-cp313-manylinux_2_17_ppc64le.manylinux2014_ppc64le.whl", hash = "sha256:9929051feeaf8d948cc0b1c9ce57748079a941a1a15c89f6014edf18adaade84"},
    {file = "bitarray-3.0.0-cp313-cp313-manylinux_2_17_s390x.manylinux2014_s390x.whl", hash = "sha256:96cf0898f8060b2d3ae491762ae871b071212ded97ff9e1e3a5229e9fefe544c"},
    {file = "bitarray-3.0.0-cp313-cp313-manylinux_2_17_x86_64.manylinux2014_x86_64.whl", hash = "sha256:ab37da66a8736ad5a75a58034180e92c41e864da0152b84e71fcc253a2f69cd4"},
    {file = "bitarray-3.0.0-cp313-cp313-manylinux_2_5_i686.manylinux1_i686.manylinux_2_17_i686.manylinux2014_i686.whl", hash = "sha256:beeb79e476d19b91fd6a3439853e4e5ba1b3b475920fa40d62bde719c8af786f"},
    {file = "bitarray-3.0.0-cp313-cp313-musllinux_1_2_aarch64.whl", hash = "sha256:f75fc0198c955d840b836059bd43e0993edbf119923029ca60c4fc017cefa54a"},
    {file = "bitarray-3.0.0-cp313-cp313-musllinux_1_2_i686.whl", hash = "sha256:f12cc7c7638074918cdcc7491aff897df921b092ffd877227892d2686e98f876"},
    {file = "bitarray-3.0.0-cp313-cp313-musllinux_1_2_ppc64le.whl", hash = "sha256:dbe1084935b942fab206e609fa1ed3f46ad1f2612fb4833e177e9b2a5e006c96"},
    {file = "bitarray-3.0.0-cp313-cp313-musllinux_1_2_s390x.whl", hash = "sha256:ac06dd72ee1e1b6e312504d06f75220b5894af1fb58f0c20643698f5122aea76"},
    {file = "bitarray-3.0.0-cp313-cp313-musllinux_1_2_x86_64.whl", hash = "sha256:00f9a88c56e373009ac3c73c55205cfbd9683fbd247e2f9a64bae3da78795252"},
    {file = "bitarray-3.0.0-cp313-cp313-win32.whl", hash = "sha256:9c6e52005e91803eb4e08c0a08a481fb55ddce97f926bae1f6fa61b3396b5b61"},
    {file = "bitarray-3.0.0-cp313-cp313-win_amd64.whl", hash = "sha256:cb98d5b6eac4b2cf2a5a69f60a9c499844b8bea207059e9fc45c752436e6bb49"},
    {file = "bitarray-3.0.0-cp36-cp36m-macosx_10_9_x86_64.whl", hash = "sha256:eb27c01b747649afd7e1c342961680893df6d8d81f832a6f04d8c8e03a8a54cc"},
    {file = "bitarray-3.0.0-cp36-cp36m-manylinux_2_17_aarch64.manylinux2014_aarch64.whl", hash = "sha256:4683bff52f5a0fd523fb5d3138161ef87611e63968e1fcb6cf4b0c6a86970fe0"},
    {file = "bitarray-3.0.0-cp36-cp36m-manylinux_2_17_ppc64le.manylinux2014_ppc64le.whl", hash = "sha256:cb7302dbcfcb676f0b66f15891f091d0233c4fc23e1d4b9dc9b9e958156e347f"},
    {file = "bitarray-3.0.0-cp36-cp36m-manylinux_2_17_s390x.manylinux2014_s390x.whl", hash = "sha256:153d7c416a70951dcfa73487af05d2f49c632e95602f1620cd9a651fa2033695"},
    {file = "bitarray-3.0.0-cp36-cp36m-manylinux_2_17_x86_64.manylinux2014_x86_64.whl", hash = "sha256:251cd5bd47f542893b2b61860eded54f34920ea47fd5bff038d85e7a2f7ae99b"},
    {file = "bitarray-3.0.0-cp36-cp36m-manylinux_2_5_i686.manylinux1_i686.manylinux_2_17_i686.manylinux2014_i686.whl", hash = "sha256:5fa4b4d9fa90124b33b251ef74e44e737021f253dc7a9174e1b39f097451f7ca"},
    {file = "bitarray-3.0.0-cp36-cp36m-musllinux_1_2_aarch64.whl", hash = "sha256:18abdce7ab5d2104437c39670821cba0b32fdb9b2da9e6d17a4ff295362bd9dc"},
    {file = "bitarray-3.0.0-cp36-cp36m-musllinux_1_2_i686.whl", hash = "sha256:2855cc01ee370f7e6e3ec97eebe44b1453c83fb35080313145e2c8c3c5243afb"},
    {file = "bitarray-3.0.0-cp36-cp36m-musllinux_1_2_ppc64le.whl", hash = "sha256:0cecaf2981c9cd2054547f651537b4f4939f9fe225d3fc2b77324b597c124e40"},
    {file = "bitarray-3.0.0-cp36-cp36m-musllinux_1_2_s390x.whl", hash = "sha256:22b00f65193fafb13aa644e16012c8b49e7d5cbb6bb72825105ff89aadaa01e3"},
    {file = "bitarray-3.0.0-cp36-cp36m-musllinux_1_2_x86_64.whl", hash = "sha256:20f30373f0af9cb583e4122348cefde93c82865dbcbccc4997108b3d575ece84"},
    {file = "bitarray-3.0.0-cp36-cp36m-win32.whl", hash = "sha256:aef404d5400d95c6ec86664df9924bde667c8865f8e33c9b7bd79823d53b3e5d"},
    {file = "bitarray-3.0.0-cp36-cp36m-win_amd64.whl", hash = "sha256:ec5b0f2d13da53e0975ac15ecbe8badb463bdb0bebaa09457f4df3320421915c"},
    {file = "bitarray-3.0.0-cp37-cp37m-macosx_10_9_x86_64.whl", hash = "sha256:041c889e69c847b8a96346650e50f728b747ae176889199c49a3f31ae1de0e23"},
    {file = "bitarray-3.0.0-cp37-cp37m-manylinux_2_17_aarch64.manylinux2014_aarch64.whl", hash = "sha256:cc83ea003dd75e9ade3291ef0585577dd5524aec0c8c99305c0aaa2a7570d6db"},
    {file = "bitarray-3.0.0-cp37-cp37m-manylinux_2_17_ppc64le.manylinux2014_ppc64le.whl", hash = "sha256:6c33129b49196aa7965ac0f16fcde7b6ad8614b606caf01669a0277cef1afe1d"},
    {file = "bitarray-3.0.0-cp37-cp37m-manylinux_2_17_s390x.manylinux2014_s390x.whl", hash = "sha256:0ef5c787c8263c082a73219a69eb60a500e157a4ac69d1b8515ad836b0e71fb4"},
    {file = "bitarray-3.0.0-cp37-cp37m-manylinux_2_17_x86_64.manylinux2014_x86_64.whl", hash = "sha256:e15c94d79810c5ab90ddf4d943f71f14332890417be896ca253f21fa3d78d2b1"},
    {file = "bitarray-3.0.0-cp37-cp37m-manylinux_2_5_i686.manylinux1_i686.manylinux_2_17_i686.manylinux2014_i686.whl", hash = "sha256:7cd021ada988e73d649289cee00428b75564c46d55fbdcb0e3402e504b0ae5ea"},
    {file = "bitarray-3.0.0-cp37-cp37m-musllinux_1_2_aarch64.whl", hash = "sha256:7f1c24be7519f16a47b7e2ad1a1ef73023d34d8cbe1a3a59b185fc14baabb132"},
    {file = "bitarray-3.0.0-cp37-cp37m-musllinux_1_2_i686.whl", hash = "sha256:000df24c183011b5d27c23d79970f49b6762e5bb5aacd25da9c3e9695c693222"},
    {file = "bitarray-3.0.0-cp37-cp37m-musllinux_1_2_ppc64le.whl", hash = "sha256:42bf1b222c698b467097f58b9f59dc850dfa694dde4e08237407a6a103757aa3"},
    {file = "bitarray-3.0.0-cp37-cp37m-musllinux_1_2_s390x.whl", hash = "sha256:648e7ce794928e8d11343b5da8ecc5b910af75a82ea1a4264d5d0a55c3785faa"},
    {file = "bitarray-3.0.0-cp37-cp37m-musllinux_1_2_x86_64.whl", hash = "sha256:f536fc4d1a683025f9caef0bebeafd60384054579ffe0825bb9bd8c59f8c55b8"},
    {file = "bitarray-3.0.0-cp37-cp37m-win32.whl", hash = "sha256:a754c1464e7b946b1cac7300c582c6fba7d66e535cd1dab76d998ad285ac5a37"},
    {file = "bitarray-3.0.0-cp37-cp37m-win_amd64.whl", hash = "sha256:e91d46d12781a14ccb8b284566b14933de4e3b29f8bc5e1c17de7a2001ad3b5b"},
    {file = "bitarray-3.0.0-cp38-cp38-macosx_10_9_universal2.whl", hash = "sha256:904c1d5e3bd24f0c0d37a582d2461312033c91436a6a4f3bdeeceb4bea4a899d"},
    {file = "bitarray-3.0.0-cp38-cp38-macosx_10_9_x86_64.whl", hash = "sha256:47ccf9887bd595d4a0536f2310f0dcf89e17ab83b8befa7dc8727b8017120fda"},
    {file = "bitarray-3.0.0-cp38-cp38-macosx_11_0_arm64.whl", hash = "sha256:71ad0139c95c9acf4fb62e203b428f9906157b15eecf3f30dc10b55919225896"},
    {file = "bitarray-3.0.0-cp38-cp38-manylinux_2_17_aarch64.manylinux2014_aarch64.whl", hash = "sha256:53e002ac1073ac70e323a7a4bfa9ab95e7e1a85c79160799e265563f342b1557"},
    {file = "bitarray-3.0.0-cp38-cp38-manylinux_2_17_ppc64le.manylinux2014_ppc64le.whl", hash = "sha256:acc07211a59e2f245e9a06f28fa374d094fb0e71cf5366eef52abbb826ddc81e"},
    {file = "bitarray-3.0.0-cp38-cp38-manylinux_2_17_s390x.manylinux2014_s390x.whl", hash = "sha256:98a4070ddafabddaee70b2aa7cc6286cf73c37984169ab03af1782da2351059a"},
    {file = "bitarray-3.0.0-cp38-cp38-manylinux_2_17_x86_64.manylinux2014_x86_64.whl", hash = "sha256:b7d09ef06ba57bea646144c29764bf6b870fb3c5558ca098191e07b6a1d40bf7"},
    {file = "bitarray-3.0.0-cp38-cp38-manylinux_2_5_i686.manylinux1_i686.manylinux_2_17_i686.manylinux2014_i686.whl", hash = "sha256:ce249ed981f428a8b61538ca82d3875847733d579dd40084ab8246549160f8a4"},
    {file = "bitarray-3.0.0-cp38-cp38-musllinux_1_2_aarch64.whl", hash = "sha256:ea40e98d751ed4b255db4a88fe8fb743374183f78470b9e9305aab186bf28ede"},
    {file = "bitarray-3.0.0-cp38-cp38-musllinux_1_2_i686.whl", hash = "sha256:928b8b6dfcd015e1a81334cfdac02815da2a2407854492a80cf8a3a922b04052"},
    {file = "bitarray-3.0.0-cp38-cp38-musllinux_1_2_ppc64le.whl", hash = "sha256:fbb645477595ce2a0fbb678d1cfd08d3b896e5d56196d40fb9e114eeab9382b3"},
    {file = "bitarray-3.0.0-cp38-cp38-musllinux_1_2_s390x.whl", hash = "sha256:dc1937a0ff2671797d35243db4b596329842480d125a65e9fe964bcffaf16dfc"},
    {file = "bitarray-3.0.0-cp38-cp38-musllinux_1_2_x86_64.whl", hash = "sha256:a4f49ac31734fe654a68e2515c0da7f5bbdf2d52755ba09a42ac406f1f08c9d0"},
    {file = "bitarray-3.0.0-cp38-cp38-win32.whl", hash = "sha256:6d2a2ce73f9897268f58857ad6893a1a6680c5a6b28f79d21c7d33285a5ae646"},
    {file = "bitarray-3.0.0-cp38-cp38-win_amd64.whl", hash = "sha256:b1047999f1797c3ea7b7c85261649249c243308dcf3632840d076d18fa72f142"},
    {file = "bitarray-3.0.0-cp39-cp39-macosx_10_9_universal2.whl", hash = "sha256:39b38a3d45dac39d528c87b700b81dfd5e8dc8e9e1a102503336310ef837c3fd"},
    {file = "bitarray-3.0.0-cp39-cp39-macosx_10_9_x86_64.whl", hash = "sha256:0e104f9399144fab6a892d379ba1bb4275e56272eb465059beef52a77b4e5ce6"},
    {file = "bitarray-3.0.0-cp39-cp39-macosx_11_0_arm64.whl", hash = "sha256:0879f839ec8f079fa60c3255966c2e1aa7196699a234d4e5b7898fbc321901b5"},
    {file = "bitarray-3.0.0-cp39-cp39-manylinux_2_17_aarch64.manylinux2014_aarch64.whl", hash = "sha256:9502c2230d59a4ace2fddfd770dad8e8b414cbd99517e7e56c55c20997c28b8d"},
    {file = "bitarray-3.0.0-cp39-cp39-manylinux_2_17_ppc64le.manylinux2014_ppc64le.whl", hash = "sha256:57d5ef854f8ec434f2ffd9ddcefc25a10848393fe2976e2be2c8c773cf5fef42"},
    {file = "bitarray-3.0.0-cp39-cp39-manylinux_2_17_s390x.manylinux2014_s390x.whl", hash = "sha256:a3c36b2fcfebe15ad1c10a90c1d52a42bebe960adcbce340fef867203028fbe7"},
    {file = "bitarray-3.0.0-cp39-cp39-manylinux_2_17_x86_64.manylinux2014_x86_64.whl", hash = "sha256:66a33a537e781eac3a352397ce6b07eedf3a8380ef4a804f8844f3f45e335544"},
    {file = "bitarray-3.0.0-cp39-cp39-manylinux_2_5_i686.manylinux1_i686.manylinux_2_17_i686.manylinux2014_i686.whl", hash = "sha256:aa54c7e1da8cf4be0aab941ea284ec64033ede5d6de3fd47d75e77cafe986e9d"},
    {file = "bitarray-3.0.0-cp39-cp39-musllinux_1_2_aarch64.whl", hash = "sha256:a667ea05ba1ea81b722682276dbef1d36990f8908cf51e570099fd505a89f931"},
    {file = "bitarray-3.0.0-cp39-cp39-musllinux_1_2_i686.whl", hash = "sha256:d756bfeb62ca4fe65d2af7a39249d442c05070c047d03729ad6cd4c2e9b0f0bd"},
    {file = "bitarray-3.0.0-cp39-cp39-musllinux_1_2_ppc64le.whl", hash = "sha256:c9e9fef0754867d88e948ce8351c9fd7e507d8514e0f242fd67c907b9cdf98b3"},
    {file = "bitarray-3.0.0-cp39-cp39-musllinux_1_2_s390x.whl", hash = "sha256:67a0b56dd02f2713f6f52cacb3f251afd67c94c5f0748026d307d87a81a8e15c"},
    {file = "bitarray-3.0.0-cp39-cp39-musllinux_1_2_x86_64.whl", hash = "sha256:d8c36ddc1923bcc4c11b9994c54eaae25034812a42400b7b8a86fe6d242166a2"},
    {file = "bitarray-3.0.0-cp39-cp39-win32.whl", hash = "sha256:1414a7102a3c4986f241480544f5c99f5d32258fb9b85c9c04e84e48c490ab35"},
    {file = "bitarray-3.0.0-cp39-cp39-win_amd64.whl", hash = "sha256:8c9733d2ff9b7838ac04bf1048baea153174753e6a47312be14c83c6a395424b"},
    {file = "bitarray-3.0.0-pp310-pypy310_pp73-macosx_10_15_x86_64.whl", hash = "sha256:fef4e3b3f2084b4dae3e5316b44cda72587dcc81f68b4eb2dbda1b8d15261b61"},
    {file = "bitarray-3.0.0-pp310-pypy310_pp73-manylinux_2_17_aarch64.manylinux2014_aarch64.whl", hash = "sha256:7e9eee03f187cef1e54a4545124109ee0afc84398628b4b32ebb4852b4a66393"},
    {file = "bitarray-3.0.0-pp310-pypy310_pp73-manylinux_2_17_x86_64.manylinux2014_x86_64.whl", hash = "sha256:4cb5702dd667f4bb10fed056ffdc4ddaae8193a52cd74cb2cdb54e71f4ef2dd1"},
    {file = "bitarray-3.0.0-pp310-pypy310_pp73-manylinux_2_5_i686.manylinux1_i686.manylinux_2_17_i686.manylinux2014_i686.whl", hash = "sha256:666e44b0458bb2894b64264a29f2cc7b5b2cbcc4c5e9cedfe1fdbde37a8e329a"},
    {file = "bitarray-3.0.0-pp310-pypy310_pp73-win_amd64.whl", hash = "sha256:c756a92cf1c1abf01e56a4cc40cb89f0ff9147f2a0be5b557ec436a23ff464d8"},
    {file = "bitarray-3.0.0-pp37-pypy37_pp73-macosx_10_9_x86_64.whl", hash = "sha256:7e51e7f8289bf6bb631e1ef2a8f5e9ca287985ff518fe666abbdfdb6a848cb26"},
    {file = "bitarray-3.0.0-pp37-pypy37_pp73-manylinux_2_17_aarch64.manylinux2014_aarch64.whl", hash = "sha256:3fa5d8e4b28388b337face6ce4029be73585651a44866901513df44be9a491ab"},
    {file = "bitarray-3.0.0-pp37-pypy37_pp73-manylinux_2_17_x86_64.manylinux2014_x86_64.whl", hash = "sha256:3963b80a68aedcd722a9978d261ae53cb9bb6a8129cc29790f0f10ce5aca287a"},
    {file = "bitarray-3.0.0-pp37-pypy37_pp73-manylinux_2_5_i686.manylinux1_i686.manylinux_2_17_i686.manylinux2014_i686.whl", hash = "sha256:0b555006a7dea53f6bebc616a4d0249cecbf8f1fadf77860120a2e5dbdc2f167"},
    {file = "bitarray-3.0.0-pp37-pypy37_pp73-win_amd64.whl", hash = "sha256:4ac2027ca650a7302864ed2528220d6cc6921501b383e9917afc7a2424a1e36d"},
    {file = "bitarray-3.0.0-pp38-pypy38_pp73-macosx_10_9_x86_64.whl", hash = "sha256:bf90aba4cff9e72e24ecdefe33bad608f147a23fa5c97790a5bab0e72fe62b6d"},
    {file = "bitarray-3.0.0-pp38-pypy38_pp73-manylinux_2_17_aarch64.manylinux2014_aarch64.whl", hash = "sha256:d1a199e6d7c3bad5ba9d0e4dc00dde70ee7d111c9dfc521247fa646ef59fa57e"},
    {file = "bitarray-3.0.0-pp38-pypy38_pp73-manylinux_2_17_x86_64.manylinux2014_x86_64.whl", hash = "sha256:43b6c7c4f4a7b80e86e24a76f4c6b9b67d03229ea16d7d403520616535c32196"},
    {file = "bitarray-3.0.0-pp38-pypy38_pp73-manylinux_2_5_i686.manylinux1_i686.manylinux_2_17_i686.manylinux2014_i686.whl", hash = "sha256:34fc13da3518f14825b239374734fce93c1a9299ed7b558c3ec1d659ec7e4c70"},
    {file = "bitarray-3.0.0-pp38-pypy38_pp73-win_amd64.whl", hash = "sha256:369b6d457af94af901d632c7e625ca6caf0a7484110fc91c6290ce26bc4f1478"},
    {file = "bitarray-3.0.0-pp39-pypy39_pp73-macosx_10_15_x86_64.whl", hash = "sha256:ee040ad3b7dfa05e459713099f16373c1f2a6f68b43cb0575a66718e7a5daef4"},
    {file = "bitarray-3.0.0-pp39-pypy39_pp73-manylinux_2_17_aarch64.manylinux2014_aarch64.whl", hash = "sha256:2dad7ba2af80f9ec1dd988c3aca7992408ec0d0b4c215b65d353d95ab0070b10"},
    {file = "bitarray-3.0.0-pp39-pypy39_pp73-manylinux_2_17_x86_64.manylinux2014_x86_64.whl", hash = "sha256:4839d3b64af51e4b8bb4a602563b98b9faeb34fd6c00ed23d7834e40a9d080fc"},
    {file = "bitarray-3.0.0-pp39-pypy39_pp73-manylinux_2_5_i686.manylinux1_i686.manylinux_2_17_i686.manylinux2014_i686.whl", hash = "sha256:f71f24b58e75a889b9915e3197865302467f13e7390efdea5b6afc7424b3a2ea"},
    {file = "bitarray-3.0.0-pp39-pypy39_pp73-win_amd64.whl", hash = "sha256:bcf0150ae0bcc4aa97bdfcb231b37bad1a59083c1b5012643b266012bf420e68"},
    {file = "bitarray-3.0.0.tar.gz", hash = "sha256:a2083dc20f0d828a7cdf7a16b20dae56aab0f43dc4f347a3b3039f6577992b03"},
]

[[package]]
name = "bitstring"
version = "4.3.0"
description = "Simple construction, analysis and modification of binary data."
category = "main"
optional = false
python-versions = ">=3.8"
files = [
    {file = "bitstring-4.3.0-py3-none-any.whl", hash = "sha256:3282a896814813f8fe5fa09dbafac842c57aace1d3bfd94546c6f1ed9aafcbe1"},
    {file = "bitstring-4.3.0.tar.gz", hash = "sha256:81800bc4e00b6508716adbae648e741256355c8dfd19541f76482fb89bee0313"},
]

[package.dependencies]
bitarray = ">=3.0.0,<3.1"

[[package]]
name = "psycopg2"
version = "2.9.10"
description = "psycopg2 - Python-PostgreSQL Database Adapter"
category = "main"
optional = false
python-versions = ">=3.8"
files = [
    {file = "psycopg2-2.9.10-cp310-cp310-win32.whl", hash = "sha256:5df2b672140f95adb453af93a7d669d7a7bf0a56bcd26f1502329166f4a61716"},
    {file = "psycopg2-2.9.10-cp310-cp310-win_amd64.whl", hash = "sha256:c6f7b8561225f9e711a9c47087388a97fdc948211c10a4bccbf0ba68ab7b3b5a"},
    {file = "psycopg2-2.9.10-cp311-cp311-win32.whl", hash = "sha256:47c4f9875125344f4c2b870e41b6aad585901318068acd01de93f3677a6522c2"},
    {file = "psycopg2-2.9.10-cp311-cp311-win_amd64.whl", hash = "sha256:0435034157049f6846e95103bd8f5a668788dd913a7c30162ca9503fdf542cb4"},
    {file = "psycopg2-2.9.10-cp312-cp312-win32.whl", hash = "sha256:65a63d7ab0e067e2cdb3cf266de39663203d38d6a8ed97f5ca0cb315c73fe067"},
    {file = "psycopg2-2.9.10-cp312-cp312-win_amd64.whl", hash = "sha256:4a579d6243da40a7b3182e0430493dbd55950c493d8c68f4eec0b302f6bbf20e"},
    {file = "psycopg2-2.9.10-cp313-cp313-win_amd64.whl", hash = "sha256:91fd603a2155da8d0cfcdbf8ab24a2d54bca72795b90d2a3ed2b6da8d979dee2"},
    {file = "psycopg2-2.9.10-cp39-cp39-win32.whl", hash = "sha256:9d5b3b94b79a844a986d029eee38998232451119ad653aea42bb9220a8c5066b"},
    {file = "psycopg2-2.9.10-cp39-cp39-win_amd64.whl", hash = "sha256:88138c8dedcbfa96408023ea2b0c369eda40fe5d75002c0964c78f46f11fa442"},
    {file = "psycopg2-2.9.10.tar.gz", hash = "sha256:12ec0b40b0273f95296233e8750441339298e6a572f7039da5b260e3c8b60e11"},
]

[[package]]
name = "pydantic"
version = "2.6.4"
description = "Data validation using Python type hints"
category = "main"
optional = false
python-versions = ">=3.8"
files = [
    {file = "pydantic-2.6.4-py3-none-any.whl", hash = "sha256:cc46fce86607580867bdc3361ad462bab9c222ef042d3da86f2fb333e1d916c5"},
    {file = "pydantic-2.6.4.tar.gz", hash = "sha256:b1704e0847db01817624a6b86766967f552dd9dbf3afba4004409f908dcc84e6"},
]

[package.dependencies]
annotated-types = ">=0.4.0"
pydantic-core = "2.16.3"
typing-extensions = ">=4.6.1"

[package.extras]
email = ["email-validator (>=2.0.0)"]

[[package]]
name = "pydantic-core"
version = "2.16.3"
description = ""
category = "main"
optional = false
python-versions = ">=3.8"
files = [
    {file = "pydantic_core-2.16.3-cp310-cp310-macosx_10_12_x86_64.whl", hash = "sha256:75b81e678d1c1ede0785c7f46690621e4c6e63ccd9192af1f0bd9d504bbb6bf4"},
    {file = "pydantic_core-2.16.3-cp310-cp310-macosx_11_0_arm64.whl", hash = "sha256:9c865a7ee6f93783bd5d781af5a4c43dadc37053a5b42f7d18dc019f8c9d2bd1"},
    {file = "pydantic_core-2.16.3-cp310-cp310-manylinux_2_17_aarch64.manylinux2014_aarch64.whl", hash = "sha256:162e498303d2b1c036b957a1278fa0899d02b2842f1ff901b6395104c5554a45"},
    {file = "pydantic_core-2.16.3-cp310-cp310-manylinux_2_17_armv7l.manylinux2014_armv7l.whl", hash = "sha256:2f583bd01bbfbff4eaee0868e6fc607efdfcc2b03c1c766b06a707abbc856187"},
    {file = "pydantic_core-2.16.3-cp310-cp310-manylinux_2_17_ppc64le.manylinux2014_ppc64le.whl", hash = "sha256:b926dd38db1519ed3043a4de50214e0d600d404099c3392f098a7f9d75029ff8"},
    {file = "pydantic_core-2.16.3-cp310-cp310-manylinux_2_17_s390x.manylinux2014_s390x.whl", hash = "sha256:716b542728d4c742353448765aa7cdaa519a7b82f9564130e2b3f6766018c9ec"},
    {file = "pydantic_core-2.16.3-cp310-cp310-manylinux_2_17_x86_64.manylinux2014_x86_64.whl", hash = "sha256:fc4ad7f7ee1a13d9cb49d8198cd7d7e3aa93e425f371a68235f784e99741561f"},
    {file = "pydantic_core-2.16.3-cp310-cp310-manylinux_2_5_i686.manylinux1_i686.whl", hash = "sha256:bd87f48924f360e5d1c5f770d6155ce0e7d83f7b4e10c2f9ec001c73cf475c99"},
    {file = "pydantic_core-2.16.3-cp310-cp310-musllinux_1_1_aarch64.whl", hash = "sha256:0df446663464884297c793874573549229f9eca73b59360878f382a0fc085979"},
    {file = "pydantic_core-2.16.3-cp310-cp310-musllinux_1_1_x86_64.whl", hash = "sha256:4df8a199d9f6afc5ae9a65f8f95ee52cae389a8c6b20163762bde0426275b7db"},
    {file = "pydantic_core-2.16.3-cp310-none-win32.whl", hash = "sha256:456855f57b413f077dff513a5a28ed838dbbb15082ba00f80750377eed23d132"},
    {file = "pydantic_core-2.16.3-cp310-none-win_amd64.whl", hash = "sha256:732da3243e1b8d3eab8c6ae23ae6a58548849d2e4a4e03a1924c8ddf71a387cb"},
    {file = "pydantic_core-2.16.3-cp311-cp311-macosx_10_12_x86_64.whl", hash = "sha256:519ae0312616026bf4cedc0fe459e982734f3ca82ee8c7246c19b650b60a5ee4"},
    {file = "pydantic_core-2.16.3-cp311-cp311-macosx_11_0_arm64.whl", hash = "sha256:b3992a322a5617ded0a9f23fd06dbc1e4bd7cf39bc4ccf344b10f80af58beacd"},
    {file = "pydantic_core-2.16.3-cp311-cp311-manylinux_2_17_aarch64.manylinux2014_aarch64.whl", hash = "sha256:8d62da299c6ecb04df729e4b5c52dc0d53f4f8430b4492b93aa8de1f541c4aac"},
    {file = "pydantic_core-2.16.3-cp311-cp311-manylinux_2_17_armv7l.manylinux2014_armv7l.whl", hash = "sha256:2acca2be4bb2f2147ada8cac612f8a98fc09f41c89f87add7256ad27332c2fda"},
    {file = "pydantic_core-2.16.3-cp311-cp311-manylinux_2_17_ppc64le.manylinux2014_ppc64le.whl", hash = "sha256:1b662180108c55dfbf1280d865b2d116633d436cfc0bba82323554873967b340"},
    {file = "pydantic_core-2.16.3-cp311-cp311-manylinux_2_17_s390x.manylinux2014_s390x.whl", hash = "sha256:e7c6ed0dc9d8e65f24f5824291550139fe6f37fac03788d4580da0d33bc00c97"},
    {file = "pydantic_core-2.16.3-cp311-cp311-manylinux_2_17_x86_64.manylinux2014_x86_64.whl", hash = "sha256:a6b1bb0827f56654b4437955555dc3aeeebeddc47c2d7ed575477f082622c49e"},
    {file = "pydantic_core-2.16.3-cp311-cp311-manylinux_2_5_i686.manylinux1_i686.whl", hash = "sha256:e56f8186d6210ac7ece503193ec84104da7ceb98f68ce18c07282fcc2452e76f"},
    {file = "pydantic_core-2.16.3-cp311-cp311-musllinux_1_1_aarch64.whl", hash = "sha256:936e5db01dd49476fa8f4383c259b8b1303d5dd5fb34c97de194560698cc2c5e"},
    {file = "pydantic_core-2.16.3-cp311-cp311-musllinux_1_1_x86_64.whl", hash = "sha256:33809aebac276089b78db106ee692bdc9044710e26f24a9a2eaa35a0f9fa70ba"},
    {file = "pydantic_core-2.16.3-cp311-none-win32.whl", hash = "sha256:ded1c35f15c9dea16ead9bffcde9bb5c7c031bff076355dc58dcb1cb436c4721"},
    {file = "pydantic_core-2.16.3-cp311-none-win_amd64.whl", hash = "sha256:d89ca19cdd0dd5f31606a9329e309d4fcbb3df860960acec32630297d61820df"},
    {file = "pydantic_core-2.16.3-cp311-none-win_arm64.whl", hash = "sha256:6162f8d2dc27ba21027f261e4fa26f8bcb3cf9784b7f9499466a311ac284b5b9"},
    {file = "pydantic_core-2.16.3-cp312-cp312-macosx_10_12_x86_64.whl", hash = "sha256:0f56ae86b60ea987ae8bcd6654a887238fd53d1384f9b222ac457070b7ac4cff"},
    {file = "pydantic_core-2.16.3-cp312-cp312-macosx_11_0_arm64.whl", hash = "sha256:c9bd22a2a639e26171068f8ebb5400ce2c1bc7d17959f60a3b753ae13c632975"},
    {file = "pydantic_core-2.16.3-cp312-cp312-manylinux_2_17_aarch64.manylinux2014_aarch64.whl", hash = "sha256:4204e773b4b408062960e65468d5346bdfe139247ee5f1ca2a378983e11388a2"},
    {file = "pydantic_core-2.16.3-cp312-cp312-manylinux_2_17_armv7l.manylinux2014_armv7l.whl", hash = "sha256:f651dd19363c632f4abe3480a7c87a9773be27cfe1341aef06e8759599454120"},
    {file = "pydantic_core-2.16.3-cp312-cp312-manylinux_2_17_ppc64le.manylinux2014_ppc64le.whl", hash = "sha256:aaf09e615a0bf98d406657e0008e4a8701b11481840be7d31755dc9f97c44053"},
    {file = "pydantic_core-2.16.3-cp312-cp312-manylinux_2_17_s390x.manylinux2014_s390x.whl", hash = "sha256:8e47755d8152c1ab5b55928ab422a76e2e7b22b5ed8e90a7d584268dd49e9c6b"},
    {file = "pydantic_core-2.16.3-cp312-cp312-manylinux_2_17_x86_64.manylinux2014_x86_64.whl", hash = "sha256:500960cb3a0543a724a81ba859da816e8cf01b0e6aaeedf2c3775d12ee49cade"},
    {file = "pydantic_core-2.16.3-cp312-cp312-manylinux_2_5_i686.manylinux1_i686.whl", hash = "sha256:cf6204fe865da605285c34cf1172879d0314ff267b1c35ff59de7154f35fdc2e"},
    {file = "pydantic_core-2.16.3-cp312-cp312-musllinux_1_1_aarch64.whl", hash = "sha256:d33dd21f572545649f90c38c227cc8631268ba25c460b5569abebdd0ec5974ca"},
    {file = "pydantic_core-2.16.3-cp312-cp312-musllinux_1_1_x86_64.whl", hash = "sha256:49d5d58abd4b83fb8ce763be7794d09b2f50f10aa65c0f0c1696c677edeb7cbf"},
    {file = "pydantic_core-2.16.3-cp312-none-win32.whl", hash = "sha256:f53aace168a2a10582e570b7736cc5bef12cae9cf21775e3eafac597e8551fbe"},
    {file = "pydantic_core-2.16.3-cp312-none-win_amd64.whl", hash = "sha256:0d32576b1de5a30d9a97f300cc6a3f4694c428d956adbc7e6e2f9cad279e45ed"},
    {file = "pydantic_core-2.16.3-cp312-none-win_arm64.whl", hash = "sha256:ec08be75bb268473677edb83ba71e7e74b43c008e4a7b1907c6d57e940bf34b6"},
    {file = "pydantic_core-2.16.3-cp38-cp38-macosx_10_12_x86_64.whl", hash = "sha256:b1f6f5938d63c6139860f044e2538baeee6f0b251a1816e7adb6cbce106a1f01"},
    {file = "pydantic_core-2.16.3-cp38-cp38-macosx_11_0_arm64.whl", hash = "sha256:2a1ef6a36fdbf71538142ed604ad19b82f67b05749512e47f247a6ddd06afdc7"},
    {file = "pydantic_core-2.16.3-cp38-cp38-manylinux_2_17_aarch64.manylinux2014_aarch64.whl", hash = "sha256:704d35ecc7e9c31d48926150afada60401c55efa3b46cd1ded5a01bdffaf1d48"},
    {file = "pydantic_core-2.16.3-cp38-cp38-manylinux_2_17_armv7l.manylinux2014_armv7l.whl", hash = "sha256:d937653a696465677ed583124b94a4b2d79f5e30b2c46115a68e482c6a591c8a"},
    {file = "pydantic_core-2.16.3-cp38-cp38-manylinux_2_17_ppc64le.manylinux2014_ppc64le.whl", hash = "sha256:c9803edf8e29bd825f43481f19c37f50d2b01899448273b3a7758441b512acf8"},
    {file = "pydantic_core-2.16.3-cp38-cp38-manylinux_2_17_s390x.manylinux2014_s390x.whl", hash = "sha256:72282ad4892a9fb2da25defeac8c2e84352c108705c972db82ab121d15f14e6d"},
    {file = "pydantic_core-2.16.3-cp38-cp38-manylinux_2_17_x86_64.manylinux2014_x86_64.whl", hash = "sha256:7f752826b5b8361193df55afcdf8ca6a57d0232653494ba473630a83ba50d8c9"},
    {file = "pydantic_core-2.16.3-cp38-cp38-manylinux_2_5_i686.manylinux1_i686.whl", hash = "sha256:4384a8f68ddb31a0b0c3deae88765f5868a1b9148939c3f4121233314ad5532c"},
    {file = "pydantic_core-2.16.3-cp38-cp38-musllinux_1_1_aarch64.whl", hash = "sha256:a4b2bf78342c40b3dc830880106f54328928ff03e357935ad26c7128bbd66ce8"},
    {file = "pydantic_core-2.16.3-cp38-cp38-musllinux_1_1_x86_64.whl", hash = "sha256:13dcc4802961b5f843a9385fc821a0b0135e8c07fc3d9949fd49627c1a5e6ae5"},
    {file = "pydantic_core-2.16.3-cp38-none-win32.whl", hash = "sha256:e3e70c94a0c3841e6aa831edab1619ad5c511199be94d0c11ba75fe06efe107a"},
    {file = "pydantic_core-2.16.3-cp38-none-win_amd64.whl", hash = "sha256:ecdf6bf5f578615f2e985a5e1f6572e23aa632c4bd1dc67f8f406d445ac115ed"},
    {file = "pydantic_core-2.16.3-cp39-cp39-macosx_10_12_x86_64.whl", hash = "sha256:bda1ee3e08252b8d41fa5537413ffdddd58fa73107171a126d3b9ff001b9b820"},
    {file = "pydantic_core-2.16.3-cp39-cp39-macosx_11_0_arm64.whl", hash = "sha256:21b888c973e4f26b7a96491c0965a8a312e13be108022ee510248fe379a5fa23"},
    {file = "pydantic_core-2.16.3-cp39-cp39-manylinux_2_17_aarch64.manylinux2014_aarch64.whl", hash = "sha256:be0ec334369316fa73448cc8c982c01e5d2a81c95969d58b8f6e272884df0074"},
    {file = "pydantic_core-2.16.3-cp39-cp39-manylinux_2_17_armv7l.manylinux2014_armv7l.whl", hash = "sha256:b5b6079cc452a7c53dd378c6f881ac528246b3ac9aae0f8eef98498a75657805"},
    {file = "pydantic_core-2.16.3-cp39-cp39-manylinux_2_17_ppc64le.manylinux2014_ppc64le.whl", hash = "sha256:7ee8d5f878dccb6d499ba4d30d757111847b6849ae07acdd1205fffa1fc1253c"},
    {file = "pydantic_core-2.16.3-cp39-cp39-manylinux_2_17_s390x.manylinux2014_s390x.whl", hash = "sha256:7233d65d9d651242a68801159763d09e9ec96e8a158dbf118dc090cd77a104c9"},
    {file = "pydantic_core-2.16.3-cp39-cp39-manylinux_2_17_x86_64.manylinux2014_x86_64.whl", hash = "sha256:c6119dc90483a5cb50a1306adb8d52c66e447da88ea44f323e0ae1a5fcb14256"},
    {file = "pydantic_core-2.16.3-cp39-cp39-manylinux_2_5_i686.manylinux1_i686.whl", hash = "sha256:578114bc803a4c1ff9946d977c221e4376620a46cf78da267d946397dc9514a8"},
    {file = "pydantic_core-2.16.3-cp39-cp39-musllinux_1_1_aarch64.whl", hash = "sha256:d8f99b147ff3fcf6b3cc60cb0c39ea443884d5559a30b1481e92495f2310ff2b"},
    {file = "pydantic_core-2.16.3-cp39-cp39-musllinux_1_1_x86_64.whl", hash = "sha256:4ac6b4ce1e7283d715c4b729d8f9dab9627586dafce81d9eaa009dd7f25dd972"},
    {file = "pydantic_core-2.16.3-cp39-none-win32.whl", hash = "sha256:e7774b570e61cb998490c5235740d475413a1f6de823169b4cf94e2fe9e9f6b2"},
    {file = "pydantic_core-2.16.3-cp39-none-win_amd64.whl", hash = "sha256:9091632a25b8b87b9a605ec0e61f241c456e9248bfdcf7abdf344fdb169c81cf"},
    {file = "pydantic_core-2.16.3-pp310-pypy310_pp73-macosx_10_12_x86_64.whl", hash = "sha256:36fa178aacbc277bc6b62a2c3da95226520da4f4e9e206fdf076484363895d2c"},
    {file = "pydantic_core-2.16.3-pp310-pypy310_pp73-macosx_11_0_arm64.whl", hash = "sha256:dcca5d2bf65c6fb591fff92da03f94cd4f315972f97c21975398bd4bd046854a"},
    {file = "pydantic_core-2.16.3-pp310-pypy310_pp73-manylinux_2_17_aarch64.manylinux2014_aarch64.whl", hash = "sha256:2a72fb9963cba4cd5793854fd12f4cfee731e86df140f59ff52a49b3552db241"},
    {file = "pydantic_core-2.16.3-pp310-pypy310_pp73-manylinux_2_17_x86_64.manylinux2014_x86_64.whl", hash = "sha256:b60cc1a081f80a2105a59385b92d82278b15d80ebb3adb200542ae165cd7d183"},
    {file = "pydantic_core-2.16.3-pp310-pypy310_pp73-manylinux_2_5_i686.manylinux1_i686.whl", hash = "sha256:cbcc558401de90a746d02ef330c528f2e668c83350f045833543cd57ecead1ad"},
    {file = "pydantic_core-2.16.3-pp310-pypy310_pp73-musllinux_1_1_aarch64.whl", hash = "sha256:fee427241c2d9fb7192b658190f9f5fd6dfe41e02f3c1489d2ec1e6a5ab1e04a"},
    {file = "pydantic_core-2.16.3-pp310-pypy310_pp73-musllinux_1_1_x86_64.whl", hash = "sha256:f4cb85f693044e0f71f394ff76c98ddc1bc0953e48c061725e540396d5c8a2e1"},
    {file = "pydantic_core-2.16.3-pp310-pypy310_pp73-win_amd64.whl", hash = "sha256:b29eeb887aa931c2fcef5aa515d9d176d25006794610c264ddc114c053bf96fe"},
    {file = "pydantic_core-2.16.3-pp39-pypy39_pp73-macosx_10_12_x86_64.whl", hash = "sha256:a425479ee40ff021f8216c9d07a6a3b54b31c8267c6e17aa88b70d7ebd0e5e5b"},
    {file = "pydantic_core-2.16.3-pp39-pypy39_pp73-macosx_11_0_arm64.whl", hash = "sha256:5c5cbc703168d1b7a838668998308018a2718c2130595e8e190220238addc96f"},
    {file = "pydantic_core-2.16.3-pp39-pypy39_pp73-manylinux_2_17_aarch64.manylinux2014_aarch64.whl", hash = "sha256:99b6add4c0b39a513d323d3b93bc173dac663c27b99860dd5bf491b240d26137"},
    {file = "pydantic_core-2.16.3-pp39-pypy39_pp73-manylinux_2_17_x86_64.manylinux2014_x86_64.whl", hash = "sha256:75f76ee558751746d6a38f89d60b6228fa174e5172d143886af0f85aa306fd89"},
    {file = "pydantic_core-2.16.3-pp39-pypy39_pp73-manylinux_2_5_i686.manylinux1_i686.whl", hash = "sha256:00ee1c97b5364b84cb0bd82e9bbf645d5e2871fb8c58059d158412fee2d33d8a"},
    {file = "pydantic_core-2.16.3-pp39-pypy39_pp73-musllinux_1_1_aarch64.whl", hash = "sha256:287073c66748f624be4cef893ef9174e3eb88fe0b8a78dc22e88eca4bc357ca6"},
    {file = "pydantic_core-2.16.3-pp39-pypy39_pp73-musllinux_1_1_x86_64.whl", hash = "sha256:ed25e1835c00a332cb10c683cd39da96a719ab1dfc08427d476bce41b92531fc"},
    {file = "pydantic_core-2.16.3-pp39-pypy39_pp73-win_amd64.whl", hash = "sha256:86b3d0033580bd6bbe07590152007275bd7af95f98eaa5bd36f3da219dcd93da"},
    {file = "pydantic_core-2.16.3.tar.gz", hash = "sha256:1cac689f80a3abab2d3c0048b29eea5751114054f032a941a32de4c852c59cad"},
]

[package.dependencies]
typing-extensions = ">=4.6.0,<4.7.0 || >4.7.0"

[[package]]
name = "pydantic-settings"
version = "2.1.0"
description = "Settings management using Pydantic"
category = "main"
optional = false
python-versions = ">=3.8"
files = [
    {file = "pydantic_settings-2.1.0-py3-none-any.whl", hash = "sha256:7621c0cb5d90d1140d2f0ef557bdf03573aac7035948109adf2574770b77605a"},
    {file = "pydantic_settings-2.1.0.tar.gz", hash = "sha256:26b1492e0a24755626ac5e6d715e9077ab7ad4fb5f19a8b7ed7011d52f36141c"},
]

[package.dependencies]
pydantic = ">=2.3.0"
python-dotenv = ">=0.21.0"

[[package]]
name = "pyserial"
version = "3.5"
description = "Python Serial Port Extension"
category = "main"
optional = false
python-versions = "*"
files = [
    {file = "pyserial-3.5-py2.py3-none-any.whl", hash = "sha256:c4451db6ba391ca6ca299fb3ec7bae67a5c55dde170964c7a14ceefec02f2cf0"},
    {file = "pyserial-3.5.tar.gz", hash = "sha256:3c77e014170dfffbd816e6ffc205e9842efb10be9f58ec16d3e8675b4925cddb"},
]

[package.extras]
cp2110 = ["hidapi"]

[[package]]
name = "python-dotenv"
version = "1.0.1"
description = "Read key-value pairs from a .env file and set them as environment variables"
category = "main"
optional = false
python-versions = ">=3.8"
files = [
    {file = "python-dotenv-1.0.1.tar.gz", hash = "sha256:e324ee90a023d808f1959c46bcbc04446a10ced277783dc6ee09987c37ec10ca"},
    {file = "python_dotenv-1.0.1-py3-none-any.whl", hash = "sha256:f7b63ef50f1b690dddf550d03497b66d609393b40b564ed0d674909a68ebf16a"},
]

[package.extras]
cli = ["click (>=5.0)"]

[[package]]
name = "pytz"
version = "2024.2"
description = "World timezone definitions, modern and historical"
category = "main"
optional = false
python-versions = "*"
files = [
    {file = "pytz-2024.2-py2.py3-none-any.whl", hash = "sha256:31c7c1817eb7fae7ca4b8c7ee50c72f93aa2dd863de768e1ef4245d426aa0725"},
    {file = "pytz-2024.2.tar.gz", hash = "sha256:2aa355083c50a0f93fa581709deac0c9ad65cca8a9e9beac660adcbd493c798a"},
]

[[package]]
name = "smspdudecoder"
version = "2.1.0"
description = "Python SMS PDU Decoder"
category = "main"
optional = false
python-versions = "*"
files = [
    {file = "smspdudecoder-2.1.0-py3-none-any.whl", hash = "sha256:444091406db19d1c8ec680255421d2a5c39801b8e5e7154064ad963a0d9c39b6"},
    {file = "smspdudecoder-2.1.0.tar.gz", hash = "sha256:b54b5270aab95aee990e04965b651d5bf4ba33e5da7086729797fe45fabdd882"},
]

[package.dependencies]
bitstring = ">=3.1"
pytz = "*"

[[package]]
name = "typing-extensions"
version = "4.12.2"
description = "Backported and Experimental Type Hints for Python 3.8+"
category = "main"
optional = false
python-versions = ">=3.8"
files = [
    {file = "typing_extensions-4.12.2-py3-none-any.whl", hash = "sha256:04e5ca0351e0f3f85c6853954072df659d0d13fac324d0072316b67d7794700d"},
    {file = "typing_extensions-4.12.2.tar.gz", hash = "sha256:1a7ead55c7e559dd4dee8856e3a88b41225abfe1ce8df57b7c13915fe121ffb8"},
]

[metadata]
lock-version = "2.0"
python-versions = "^3.10"
content-hash = "0ddf10cdf2ae513b235f2d5691e31e46d71604e959cc44ad3ff53d8943c75f76"
