# This file is automatically @generated by Poetry 1.4.0 and should not be changed by hand.

[[package]]
name = "annotated-types"
version = "0.7.0"
description = "Reusable constraint types to use with typing.Annotated"
category = "main"
optional = false
python-versions = ">=3.8"
files = [
    {file = "annotated_types-0.7.0-py3-none-any.whl", hash = "sha256:1f02e8b43a8fbbc3f3e0d4f0f4bfc8131bcb4eebe8849b8e5c773f3a1c582a53"},
    {file = "annotated_types-0.7.0.tar.gz", hash = "sha256:aff07c09a53a08bc8cfccb9c85b05f1aa9a2a6f23728d790723543408344ce89"},
]

[[package]]
name = "bitarray"
version = "2.9.2"
description = "efficient arrays of booleans -- C extension"
category = "main"
optional = false
python-versions = "*"
files = [
    {file = "bitarray-2.9.2-cp310-cp310-macosx_10_9_universal2.whl", hash = "sha256:917905de565d9576eb20f53c797c15ba88b9f4f19728acabec8d01eee1d3756a"},
    {file = "bitarray-2.9.2-cp310-cp310-macosx_10_9_x86_64.whl", hash = "sha256:b35bfcb08b7693ab4bf9059111a6e9f14e07d57ac93cd967c420db58ab9b71e1"},
    {file = "bitarray-2.9.2-cp310-cp310-macosx_11_0_arm64.whl", hash = "sha256:ea1923d2e7880f9e1959e035da661767b5a2e16a45dfd57d6aa831e8b65ee1bf"},
    {file = "bitarray-2.9.2-cp310-cp310-manylinux_2_17_aarch64.manylinux2014_aarch64.whl", hash = "sha256:1e0b63a565e8a311cc8348ff1262d5784df0f79d64031d546411afd5dd7ef67d"},
    {file = "bitarray-2.9.2-cp310-cp310-manylinux_2_17_ppc64le.manylinux2014_ppc64le.whl", hash = "sha256:cf0620da2b81946d28c0b16f3e3704d38e9837d85ee4f0652816e2609aaa4fed"},
    {file = "bitarray-2.9.2-cp310-cp310-manylinux_2_17_s390x.manylinux2014_s390x.whl", hash = "sha256:79a9b8b05f2876c7195a2b698c47528e86a73c61ea203394ff8e7a4434bda5c8"},
    {file = "bitarray-2.9.2-cp310-cp310-manylinux_2_17_x86_64.manylinux2014_x86_64.whl", hash = "sha256:345c76b349ff145549652436235c5532e5bfe9db690db6f0a6ad301c62b9ef21"},
    {file = "bitarray-2.9.2-cp310-cp310-manylinux_2_5_i686.manylinux1_i686.manylinux_2_17_i686.manylinux2014_i686.whl", hash = "sha256:4e2936f090bf3f4d1771f44f9077ebccdbc0415d2b598d51a969afcb519df505"},
    {file = "bitarray-2.9.2-cp310-cp310-musllinux_1_1_aarch64.whl", hash = "sha256:f9346e98fc2abcef90b942973087e2462af6d3e3710e82938078d3493f7fef52"},
    {file = "bitarray-2.9.2-cp310-cp310-musllinux_1_1_i686.whl", hash = "sha256:e6ec283d4741befb86e8c3ea2e9ac1d17416c956d392107e45263e736954b1f7"},
    {file = "bitarray-2.9.2-cp310-cp310-musllinux_1_1_ppc64le.whl", hash = "sha256:962892646599529917ef26266091e4cb3077c88b93c3833a909d68dcc971c4e3"},
    {file = "bitarray-2.9.2-cp310-cp310-musllinux_1_1_s390x.whl", hash = "sha256:e8da5355d7d75a52df5b84750989e34e39919ec7e59fafc4c104cc1607ab2d31"},
    {file = "bitarray-2.9.2-cp310-cp310-musllinux_1_1_x86_64.whl", hash = "sha256:603e7d640e54ad764d2b4da6b61e126259af84f253a20f512dd10689566e5478"},
    {file = "bitarray-2.9.2-cp310-cp310-win32.whl", hash = "sha256:f00079f8e69d75c2a417de7961a77612bb77ef46c09bc74607d86de4740771ef"},
    {file = "bitarray-2.9.2-cp310-cp310-win_amd64.whl", hash = "sha256:1bb33673e7f7190a65f0a940c1ef63266abdb391f4a3e544a47542d40a81f536"},
    {file = "bitarray-2.9.2-cp311-cp311-macosx_10_9_universal2.whl", hash = "sha256:fe71fd4b76380c2772f96f1e53a524da7063645d647a4fcd3b651bdd80ca0f2e"},
    {file = "bitarray-2.9.2-cp311-cp311-macosx_10_9_x86_64.whl", hash = "sha256:d527172919cdea1e13994a66d9708a80c3d33dedcf2f0548e4925e600fef3a3a"},
    {file = "bitarray-2.9.2-cp311-cp311-macosx_11_0_arm64.whl", hash = "sha256:052c5073bdcaa9dd10628d99d37a2f33ec09364b86dd1f6281e2d9f8d3db3060"},
    {file = "bitarray-2.9.2-cp311-cp311-manylinux_2_17_aarch64.manylinux2014_aarch64.whl", hash = "sha256:e064caa55a6ed493aca1eda06f8b3f689778bc780a75e6ad7724642ba5dc62f7"},
    {file = "bitarray-2.9.2-cp311-cp311-manylinux_2_17_ppc64le.manylinux2014_ppc64le.whl", hash = "sha256:508069a04f658210fdeee85a7a0ca84db4bcc110cbb1d21f692caa13210f24a7"},
    {file = "bitarray-2.9.2-cp311-cp311-manylinux_2_17_s390x.manylinux2014_s390x.whl", hash = "sha256:4da73ebd537d75fa7bccfc2228fcaedea0803f21dd9d0bf0d3b67fef3c4af294"},
    {file = "bitarray-2.9.2-cp311-cp311-manylinux_2_17_x86_64.manylinux2014_x86_64.whl", hash = "sha256:5cb378eaa65cd43098f11ff5d27e48ee3b956d2c00d2d6b5bfc2a09fe183be47"},
    {file = "bitarray-2.9.2-cp311-cp311-manylinux_2_5_i686.manylinux1_i686.manylinux_2_17_i686.manylinux2014_i686.whl", hash = "sha256:d14c790b91f6cbcd9b718f88ed737c78939980c69ac8c7f03dd7e60040c12951"},
    {file = "bitarray-2.9.2-cp311-cp311-musllinux_1_1_aarch64.whl", hash = "sha256:7eea9318293bc0ea6447e9ebfba600a62f3428bea7e9c6d42170ae4f481dbab3"},
    {file = "bitarray-2.9.2-cp311-cp311-musllinux_1_1_i686.whl", hash = "sha256:b76ffec27c7450b8a334f967366a9ebadaea66ee43f5b530c12861b1a991f503"},
    {file = "bitarray-2.9.2-cp311-cp311-musllinux_1_1_ppc64le.whl", hash = "sha256:76b76a07d4ee611405045c6950a1e24c4362b6b44808d4ad6eea75e0dbc59af4"},
    {file = "bitarray-2.9.2-cp311-cp311-musllinux_1_1_s390x.whl", hash = "sha256:c7d16beeaaab15b075990cd26963d6b5b22e8c5becd131781514a00b8bdd04bd"},
    {file = "bitarray-2.9.2-cp311-cp311-musllinux_1_1_x86_64.whl", hash = "sha256:60df43e868a615c7e15117a1e1c2e5e11f48f6457280eba6ddf8fbefbec7da99"},
    {file = "bitarray-2.9.2-cp311-cp311-win32.whl", hash = "sha256:e788608ed7767b7b3bbde6d49058bccdf94df0de9ca75d13aa99020cc7e68095"},
    {file = "bitarray-2.9.2-cp311-cp311-win_amd64.whl", hash = "sha256:a23397da092ef0a8cfe729571da64c2fc30ac18243caa82ac7c4f965087506ff"},
    {file = "bitarray-2.9.2-cp312-cp312-macosx_10_9_universal2.whl", hash = "sha256:90e3a281ffe3897991091b7c46fca38c2675bfd4399ffe79dfeded6c52715436"},
    {file = "bitarray-2.9.2-cp312-cp312-macosx_10_9_x86_64.whl", hash = "sha256:bed637b674db5e6c8a97a4a321e3e4d73e72d50b5c6b29950008a93069cc64cd"},
    {file = "bitarray-2.9.2-cp312-cp312-macosx_11_0_arm64.whl", hash = "sha256:e49066d251dbbe4e6e3a5c3937d85b589e40e2669ad0eef41a00f82ec17d844b"},
    {file = "bitarray-2.9.2-cp312-cp312-manylinux_2_17_aarch64.manylinux2014_aarch64.whl", hash = "sha256:3c4344e96642e2211fb3a50558feff682c31563a4c64529a931769d40832ca79"},
    {file = "bitarray-2.9.2-cp312-cp312-manylinux_2_17_ppc64le.manylinux2014_ppc64le.whl", hash = "sha256:aeb60962ec4813c539a59fbd4f383509c7222b62c3fb1faa76b54943a613e33a"},
    {file = "bitarray-2.9.2-cp312-cp312-manylinux_2_17_s390x.manylinux2014_s390x.whl", hash = "sha256:ed0f7982f10581bb16553719e5e8f933e003f5b22f7d25a68bdb30fac630a6ff"},
    {file = "bitarray-2.9.2-cp312-cp312-manylinux_2_17_x86_64.manylinux2014_x86_64.whl", hash = "sha256:c71d1cabdeee0cdda4669168618f0e46b7dace207b29da7b63aaa1adc2b54081"},
    {file = "bitarray-2.9.2-cp312-cp312-manylinux_2_5_i686.manylinux1_i686.manylinux_2_17_i686.manylinux2014_i686.whl", hash = "sha256:b0ef2d0a6f1502d38d911d25609b44c6cc27bee0a4363dd295df78b075041b60"},
    {file = "bitarray-2.9.2-cp312-cp312-musllinux_1_1_aarch64.whl", hash = "sha256:6f71d92f533770fb027388b35b6e11988ab89242b883f48a6fe7202d238c61f8"},
    {file = "bitarray-2.9.2-cp312-cp312-musllinux_1_1_i686.whl", hash = "sha256:ba0734aa300757c924f3faf8148e1b8c247176a0ac8e16aefdf9c1eb19e868f7"},
    {file = "bitarray-2.9.2-cp312-cp312-musllinux_1_1_ppc64le.whl", hash = "sha256:d91406f413ccbf4af6ab5ae7bc78f772a95609f9ddd14123db36ef8c37116d95"},
    {file = "bitarray-2.9.2-cp312-cp312-musllinux_1_1_s390x.whl", hash = "sha256:87abb7f80c0a042f3fe8e5264da1a2756267450bb602110d5327b8eaff7682e7"},
    {file = "bitarray-2.9.2-cp312-cp312-musllinux_1_1_x86_64.whl", hash = "sha256:4b558ce85579b51a2e38703877d1e93b7728a7af664dd45a34e833534f0b755d"},
    {file = "bitarray-2.9.2-cp312-cp312-win32.whl", hash = "sha256:dac2399ee2889fbdd3472bfc2ede74c34cceb1ccf29a339964281a16eb1d3188"},
    {file = "bitarray-2.9.2-cp312-cp312-win_amd64.whl", hash = "sha256:48a30d718d1a6dfc22a49547450107abe8f4afdf2abdcbe76eb9ed88edc49498"},
    {file = "bitarray-2.9.2-cp36-cp36m-macosx_10_9_x86_64.whl", hash = "sha256:2c6be1b651fad8f3adb7a5aa12c65b612cd9b89530969af941844ae680f7d981"},
    {file = "bitarray-2.9.2-cp36-cp36m-manylinux_2_17_aarch64.manylinux2014_aarch64.whl", hash = "sha256:c5b399ae6ab975257ec359f03b48fc00b1c1cd109471e41903548469b8feae5c"},
    {file = "bitarray-2.9.2-cp36-cp36m-manylinux_2_17_ppc64le.manylinux2014_ppc64le.whl", hash = "sha256:0b3543c8a1cb286ad105f11c25d8d0f712f41c5c55f90be39f0e5a1376c7d0b0"},
    {file = "bitarray-2.9.2-cp36-cp36m-manylinux_2_17_s390x.manylinux2014_s390x.whl", hash = "sha256:03adaacb79e2fb8f483ab3a67665eec53bb3fd0cd5dbd7358741aef124688db3"},
    {file = "bitarray-2.9.2-cp36-cp36m-manylinux_2_17_x86_64.manylinux2014_x86_64.whl", hash = "sha256:9ae5b0657380d2581e13e46864d147a52c1e2bbac9f59b59c576e42fa7d10cf0"},
    {file = "bitarray-2.9.2-cp36-cp36m-manylinux_2_5_i686.manylinux1_i686.manylinux_2_17_i686.manylinux2014_i686.whl", hash = "sha256:7c1f4bf6ea8eb9d7f30808c2e9894237a96650adfecbf5f3643862dc5982f89e"},
    {file = "bitarray-2.9.2-cp36-cp36m-musllinux_1_1_aarch64.whl", hash = "sha256:a8873089be2aa15494c0f81af1209f6e1237d762c5065bc4766c1b84321e1b50"},
    {file = "bitarray-2.9.2-cp36-cp36m-musllinux_1_1_i686.whl", hash = "sha256:677e67f50e2559efc677a4366707070933ad5418b8347a603a49a070890b19bc"},
    {file = "bitarray-2.9.2-cp36-cp36m-musllinux_1_1_ppc64le.whl", hash = "sha256:a620d8ce4ea2f1c73c6b6b1399e14cb68c6915e2be3fad5808c2998ed55b4acf"},
    {file = "bitarray-2.9.2-cp36-cp36m-musllinux_1_1_s390x.whl", hash = "sha256:64115ccabbdbe279c24c367b629c6b1d3da9ed36c7420129e27c338a3971bfee"},
    {file = "bitarray-2.9.2-cp36-cp36m-musllinux_1_1_x86_64.whl", hash = "sha256:5d6fb422772e75385b76ad1c52f45a68bd4efafd8be8d0061c11877be74c4d43"},
    {file = "bitarray-2.9.2-cp36-cp36m-win32.whl", hash = "sha256:852e202875dd6dfd6139ce7ec4e98dac2b17d8d25934dc99900831e81c3adaef"},
    {file = "bitarray-2.9.2-cp36-cp36m-win_amd64.whl", hash = "sha256:7dfefdcb0dc6a3ba9936063cec65a74595571b375beabe18742b3d91d087eefd"},
    {file = "bitarray-2.9.2-cp37-cp37m-macosx_10_9_x86_64.whl", hash = "sha256:b306c4cf66912511422060f7f5e1149c8bdb404f8e00e600561b0749fdd45659"},
    {file = "bitarray-2.9.2-cp37-cp37m-manylinux_2_17_aarch64.manylinux2014_aarch64.whl", hash = "sha256:a09c4f81635408e3387348f415521d4b94198c562c23330f560596a6aaa26eaf"},
    {file = "bitarray-2.9.2-cp37-cp37m-manylinux_2_17_ppc64le.manylinux2014_ppc64le.whl", hash = "sha256:5361413fd2ecfdf44dc8f065177dc6aba97fa80a91b815586cb388763acf7f8d"},
    {file = "bitarray-2.9.2-cp37-cp37m-manylinux_2_17_s390x.manylinux2014_s390x.whl", hash = "sha256:e8a9475d415ef1eaae7942df6f780fa4dcd48fce32825eda591a17abba869299"},
    {file = "bitarray-2.9.2-cp37-cp37m-manylinux_2_17_x86_64.manylinux2014_x86_64.whl", hash = "sha256:c9b87baa7bfff9a5878fcc1bffe49ecde6e647a72a64b39a69cd8a2992a43a34"},
    {file = "bitarray-2.9.2-cp37-cp37m-manylinux_2_5_i686.manylinux1_i686.manylinux_2_17_i686.manylinux2014_i686.whl", hash = "sha256:bb6b86cfdfc503e92cb71c68766a24565359136961642504a7cc9faf936d9c88"},
    {file = "bitarray-2.9.2-cp37-cp37m-musllinux_1_1_aarch64.whl", hash = "sha256:cd56b8ae87ebc71bcacbd73615098e8a8de952ecbb5785b6b4e2b07da8a06e1f"},
    {file = "bitarray-2.9.2-cp37-cp37m-musllinux_1_1_i686.whl", hash = "sha256:3fa909cfd675004aed8b4cc9df352415933656e0155a6209d878b7cb615c787e"},
    {file = "bitarray-2.9.2-cp37-cp37m-musllinux_1_1_ppc64le.whl", hash = "sha256:b069ca9bf728e0c5c5b60e00a89df9af34cc170c695c3bfa3b372d8f40288efb"},
    {file = "bitarray-2.9.2-cp37-cp37m-musllinux_1_1_s390x.whl", hash = "sha256:6067f2f07a7121749858c7daa93c8774325c91590b3e81a299621e347740c2ae"},
    {file = "bitarray-2.9.2-cp37-cp37m-musllinux_1_1_x86_64.whl", hash = "sha256:321841cdad1dd0f58fe62e80e9c9c7531f8ebf8be93f047401e930dc47425b1e"},
    {file = "bitarray-2.9.2-cp37-cp37m-win32.whl", hash = "sha256:54e16e32e60973bb83c315de9975bc1bcfc9bd50bb13001c31da159bc49b0ca1"},
    {file = "bitarray-2.9.2-cp37-cp37m-win_amd64.whl", hash = "sha256:f4dcadb7b8034aa3491ee8f5a69b3d9ba9d7d1e55c3cc1fc45be313e708277f8"},
    {file = "bitarray-2.9.2-cp38-cp38-macosx_10_9_universal2.whl", hash = "sha256:c8919fdbd3bb596b104388b56ae4b266eb28da1f2f7dff2e1f9334a21840fe96"},
    {file = "bitarray-2.9.2-cp38-cp38-macosx_10_9_x86_64.whl", hash = "sha256:eb7a9d8a2e400a1026de341ad48e21670a6261a75b06df162c5c39b0d0e7c8f4"},
    {file = "bitarray-2.9.2-cp38-cp38-macosx_11_0_arm64.whl", hash = "sha256:6ec84668dd7b937874a2b2c293cd14ba84f37be0d196dead852e0ada9815d807"},
    {file = "bitarray-2.9.2-cp38-cp38-manylinux_2_17_aarch64.manylinux2014_aarch64.whl", hash = "sha256:f2de9a31c34e543ae089fd2a5ced01292f725190e379921384f695e2d7184bd3"},
    {file = "bitarray-2.9.2-cp38-cp38-manylinux_2_17_ppc64le.manylinux2014_ppc64le.whl", hash = "sha256:9521f49ae121a17c0a41e5112249e6fa7f6a571245b1118de81fb86e7c1bc1ce"},
    {file = "bitarray-2.9.2-cp38-cp38-manylinux_2_17_s390x.manylinux2014_s390x.whl", hash = "sha256:a6cc6545d6d76542aee3d18c1c9485fb7b9812b8df4ebe52c4535ec42081b48f"},
    {file = "bitarray-2.9.2-cp38-cp38-manylinux_2_17_x86_64.manylinux2014_x86_64.whl", hash = "sha256:856bbe1616425f71c0df5ef2e8755e878d9504d5a531acba58ab4273c52c117a"},
    {file = "bitarray-2.9.2-cp38-cp38-manylinux_2_5_i686.manylinux1_i686.manylinux_2_17_i686.manylinux2014_i686.whl", hash = "sha256:d4bba8042ea6ab331ade91bc435d81ad72fddb098e49108610b0ce7780c14e68"},
    {file = "bitarray-2.9.2-cp38-cp38-musllinux_1_1_aarch64.whl", hash = "sha256:a035da89c959d98afc813e3c62f052690d67cfd55a36592f25d734b70de7d4b0"},
    {file = "bitarray-2.9.2-cp38-cp38-musllinux_1_1_i686.whl", hash = "sha256:6d70b1579da7fb71be5a841a1f965d19aca0ef27f629cfc07d06b09aafd0a333"},
    {file = "bitarray-2.9.2-cp38-cp38-musllinux_1_1_ppc64le.whl", hash = "sha256:405b83bed28efaae6d86b6ab287c75712ead0adbfab2a1075a1b7ab47dad4d62"},
    {file = "bitarray-2.9.2-cp38-cp38-musllinux_1_1_s390x.whl", hash = "sha256:7eb8be687c50da0b397d5e0ab7ca200b5ebb639e79a9f5e285851d1944c94be9"},
    {file = "bitarray-2.9.2-cp38-cp38-musllinux_1_1_x86_64.whl", hash = "sha256:eceb551dfeaf19c609003a69a0cf8264b0efd7abc3791a11dfabf4788daf0d19"},
    {file = "bitarray-2.9.2-cp38-cp38-win32.whl", hash = "sha256:bb198c6ed1edbcdaf3d1fa3c9c9d1cdb7e179a5134ef5ee660b53cdec43b34e7"},
    {file = "bitarray-2.9.2-cp38-cp38-win_amd64.whl", hash = "sha256:648d2f2685590b0103c67a937c2fb9e09bcc8dfb166f0c7c77bd341902a6f5b3"},
    {file = "bitarray-2.9.2-cp39-cp39-macosx_10_9_universal2.whl", hash = "sha256:ea816dc8f8e65841a8bbdd30e921edffeeb6f76efe6a1eb0da147b60d539d1cf"},
    {file = "bitarray-2.9.2-cp39-cp39-macosx_10_9_x86_64.whl", hash = "sha256:4d0e32530f941c41eddfc77600ec89b65184cb909c549336463a738fab3ed285"},
    {file = "bitarray-2.9.2-cp39-cp39-macosx_11_0_arm64.whl", hash = "sha256:4a22266fb416a3b6c258bf7f83c9fe531ba0b755a56986a81ad69dc0f3bcc070"},
    {file = "bitarray-2.9.2-cp39-cp39-manylinux_2_17_aarch64.manylinux2014_aarch64.whl", hash = "sha256:fc6d3e80dd8239850f2604833ff3168b28909c8a9357abfed95632cccd17e3e7"},
    {file = "bitarray-2.9.2-cp39-cp39-manylinux_2_17_ppc64le.manylinux2014_ppc64le.whl", hash = "sha256:f135e804986b12bf14f2cd1eb86674c47dea86c4c5f0fa13c88978876b97ebe6"},
    {file = "bitarray-2.9.2-cp39-cp39-manylinux_2_17_s390x.manylinux2014_s390x.whl", hash = "sha256:87580c7f7d14f7ec401eda7adac1e2a25e95153e9c339872c8ae61b3208819a1"},
    {file = "bitarray-2.9.2-cp39-cp39-manylinux_2_17_x86_64.manylinux2014_x86_64.whl", hash = "sha256:64b433e26993127732ac7b66a7821b2537c3044355798de7c5fcb0af34b8296f"},
    {file = "bitarray-2.9.2-cp39-cp39-manylinux_2_5_i686.manylinux1_i686.manylinux_2_17_i686.manylinux2014_i686.whl", hash = "sha256:1e497c535f2a9b68c69d36631bf2dba243e05eb343b00b9c7bbdc8c601c6802d"},
    {file = "bitarray-2.9.2-cp39-cp39-musllinux_1_1_aarch64.whl", hash = "sha256:e40b3cb9fa1edb4e0175d7c06345c49c7925fe93e39ef55ecb0bc40c906b0c09"},
    {file = "bitarray-2.9.2-cp39-cp39-musllinux_1_1_i686.whl", hash = "sha256:f2f8692f95c9e377eb19ca519d30d1f884b02feb7e115f798de47570a359e43f"},
    {file = "bitarray-2.9.2-cp39-cp39-musllinux_1_1_ppc64le.whl", hash = "sha256:f0b84fc50b6dbeced4fa390688c07c10a73222810fb0e08392bd1a1b8259de36"},
    {file = "bitarray-2.9.2-cp39-cp39-musllinux_1_1_s390x.whl", hash = "sha256:d656ad38c942e38a470ddbce26b5020e08e1a7ea86b8fd413bb9024b5189993a"},
    {file = "bitarray-2.9.2-cp39-cp39-musllinux_1_1_x86_64.whl", hash = "sha256:6ab0f1dbfe5070db98771a56aa14797595acd45a1af9eadfb193851a270e7996"},
    {file = "bitarray-2.9.2-cp39-cp39-win32.whl", hash = "sha256:0a99b23ac845a9ea3157782c97465e6ae026fe0c7c4c1ed1d88f759fd6ea52d9"},
    {file = "bitarray-2.9.2-cp39-cp39-win_amd64.whl", hash = "sha256:9bbcfc7c279e8d74b076e514e669b683f77b4a2a328585b3f16d4c5259c91222"},
    {file = "bitarray-2.9.2-pp310-pypy310_pp73-macosx_10_9_x86_64.whl", hash = "sha256:43847799461d8ba71deb4d97b47250c2c2fb66d82cd3cb8b4caf52bb97c03034"},
    {file = "bitarray-2.9.2-pp310-pypy310_pp73-manylinux_2_17_aarch64.manylinux2014_aarch64.whl", hash = "sha256:f4f44381b0a4bdf64416082f4f0e7140377ae962c0ced6f983c6d7bbfc034040"},
    {file = "bitarray-2.9.2-pp310-pypy310_pp73-manylinux_2_17_x86_64.manylinux2014_x86_64.whl", hash = "sha256:a484061616fb4b158b80789bd3cb511f399d2116525a8b29b6334c68abc2310f"},
    {file = "bitarray-2.9.2-pp310-pypy310_pp73-manylinux_2_5_i686.manylinux1_i686.manylinux_2_17_i686.manylinux2014_i686.whl", hash = "sha256:1ff9e38356cc803e06134cf8ae9758e836ccd1b793135ef3db53c7c5d71e93bc"},
    {file = "bitarray-2.9.2-pp310-pypy310_pp73-win_amd64.whl", hash = "sha256:b44105792fbdcfbda3e26ee88786790fda409da4c71f6c2b73888108cf8f062f"},
    {file = "bitarray-2.9.2-pp37-pypy37_pp73-macosx_10_9_x86_64.whl", hash = "sha256:7e913098de169c7fc890638ce5e171387363eb812579e637c44261460ac00aa2"},
    {file = "bitarray-2.9.2-pp37-pypy37_pp73-manylinux_2_17_aarch64.manylinux2014_aarch64.whl", hash = "sha256:d6fe315355cdfe3ed22ef355b8bdc81a805ca4d0949d921576560e5b227a1112"},
    {file = "bitarray-2.9.2-pp37-pypy37_pp73-manylinux_2_17_x86_64.manylinux2014_x86_64.whl", hash = "sha256:f708e91fdbe443f3bec2df394ed42328fb9b0446dff5cb4199023ac6499e09fd"},
    {file = "bitarray-2.9.2-pp37-pypy37_pp73-manylinux_2_5_i686.manylinux1_i686.manylinux_2_17_i686.manylinux2014_i686.whl", hash = "sha256:5b7b09489b71f9f1f64c0fa0977e250ec24500767dab7383ba9912495849cadf"},
    {file = "bitarray-2.9.2-pp37-pypy37_pp73-win_amd64.whl", hash = "sha256:128cc3488176145b9b137fdcf54c1c201809bbb8dd30b260ee40afe915843b43"},
    {file = "bitarray-2.9.2-pp38-pypy38_pp73-macosx_10_9_x86_64.whl", hash = "sha256:21f21e7f56206be346bdbda2a6bdb2165a5e6a11821f88fd4911c5a6bbbdc7e2"},
    {file = "bitarray-2.9.2-pp38-pypy38_pp73-manylinux_2_17_aarch64.manylinux2014_aarch64.whl", hash = "sha256:5f4dd3af86dd8a617eb6464622fb64ca86e61ce99b59b5c35d8cd33f9c30603d"},
    {file = "bitarray-2.9.2-pp38-pypy38_pp73-manylinux_2_17_x86_64.manylinux2014_x86_64.whl", hash = "sha256:6465de861aff7a2559f226b37982007417eab8c3557543879987f58b453519bd"},
    {file = "bitarray-2.9.2-pp38-pypy38_pp73-manylinux_2_5_i686.manylinux1_i686.manylinux_2_17_i686.manylinux2014_i686.whl", hash = "sha256:dbaf2bb71d6027152d603f1d5f31e0dfd5e50173d06f877bec484e5396d4594b"},
    {file = "bitarray-2.9.2-pp38-pypy38_pp73-win_amd64.whl", hash = "sha256:2f32948c86e0d230a296686db28191b67ed229756f84728847daa0c7ab7406e3"},
    {file = "bitarray-2.9.2-pp39-pypy39_pp73-macosx_10_9_x86_64.whl", hash = "sha256:be94e5a685e60f9d24532af8fe5c268002e9016fa80272a94727f435de3d1003"},
    {file = "bitarray-2.9.2-pp39-pypy39_pp73-manylinux_2_17_aarch64.manylinux2014_aarch64.whl", hash = "sha256:a5cc9381fd54f3c23ae1039f977bfd6d041a5c3c1518104f616643c3a5a73b15"},
    {file = "bitarray-2.9.2-pp39-pypy39_pp73-manylinux_2_17_x86_64.manylinux2014_x86_64.whl", hash = "sha256:cd926e8ae4d1ed1ac4a8f37212a62886292f692bc1739fde98013bf210c2d175"},
    {file = "bitarray-2.9.2-pp39-pypy39_pp73-manylinux_2_5_i686.manylinux1_i686.manylinux_2_17_i686.manylinux2014_i686.whl", hash = "sha256:461a3dafb9d5fda0bb3385dc507d78b1984b49da3fe4c6d56c869a54373b7008"},
    {file = "bitarray-2.9.2-pp39-pypy39_pp73-win_amd64.whl", hash = "sha256:393cb27fd859af5fd9c16eb26b1c59b17b390ff66b3ae5d0dd258270191baf13"},
    {file = "bitarray-2.9.2.tar.gz", hash = "sha256:a8f286a51a32323715d77755ed959f94bef13972e9a2fe71b609e40e6d27957e"},
]

[[package]]
name = "bitstring"
version = "4.2.2"
description = "Simple construction, analysis and modification of binary data."
category = "main"
optional = false
python-versions = ">=3.8"
files = [
    {file = "bitstring-4.2.2-py3-none-any.whl", hash = "sha256:8b784373e78e953879c8192589e1ecbcda8f111841633a2aaf88d2b073fd6c35"},
    {file = "bitstring-4.2.2.tar.gz", hash = "sha256:b40b01d911eebaea6efff40d826580806dced5e04b9d3cbad6aebf9422f4b643"},
]

[package.dependencies]
bitarray = ">=2.9.0,<3.0.0"

[[package]]
name = "pydantic"
version = "2.6.4"
description = "Data validation using Python type hints"
category = "main"
optional = false
python-versions = ">=3.8"
files = [
    {file = "pydantic-2.6.4-py3-none-any.whl", hash = "sha256:cc46fce86607580867bdc3361ad462bab9c222ef042d3da86f2fb333e1d916c5"},
    {file = "pydantic-2.6.4.tar.gz", hash = "sha256:b1704e0847db01817624a6b86766967f552dd9dbf3afba4004409f908dcc84e6"},
]

[package.dependencies]
annotated-types = ">=0.4.0"
pydantic-core = "2.16.3"
typing-extensions = ">=4.6.1"

[package.extras]
email = ["email-validator (>=2.0.0)"]

[[package]]
name = "pydantic-core"
version = "2.16.3"
description = ""
category = "main"
optional = false
python-versions = ">=3.8"
files = [
    {file = "pydantic_core-2.16.3-cp310-cp310-macosx_10_12_x86_64.whl", hash = "sha256:75b81e678d1c1ede0785c7f46690621e4c6e63ccd9192af1f0bd9d504bbb6bf4"},
    {file = "pydantic_core-2.16.3-cp310-cp310-macosx_11_0_arm64.whl", hash = "sha256:9c865a7ee6f93783bd5d781af5a4c43dadc37053a5b42f7d18dc019f8c9d2bd1"},
    {file = "pydantic_core-2.16.3-cp310-cp310-manylinux_2_17_aarch64.manylinux2014_aarch64.whl", hash = "sha256:162e498303d2b1c036b957a1278fa0899d02b2842f1ff901b6395104c5554a45"},
    {file = "pydantic_core-2.16.3-cp310-cp310-manylinux_2_17_armv7l.manylinux2014_armv7l.whl", hash = "sha256:2f583bd01bbfbff4eaee0868e6fc607efdfcc2b03c1c766b06a707abbc856187"},
    {file = "pydantic_core-2.16.3-cp310-cp310-manylinux_2_17_ppc64le.manylinux2014_ppc64le.whl", hash = "sha256:b926dd38db1519ed3043a4de50214e0d600d404099c3392f098a7f9d75029ff8"},
    {file = "pydantic_core-2.16.3-cp310-cp310-manylinux_2_17_s390x.manylinux2014_s390x.whl", hash = "sha256:716b542728d4c742353448765aa7cdaa519a7b82f9564130e2b3f6766018c9ec"},
    {file = "pydantic_core-2.16.3-cp310-cp310-manylinux_2_17_x86_64.manylinux2014_x86_64.whl", hash = "sha256:fc4ad7f7ee1a13d9cb49d8198cd7d7e3aa93e425f371a68235f784e99741561f"},
    {file = "pydantic_core-2.16.3-cp310-cp310-manylinux_2_5_i686.manylinux1_i686.whl", hash = "sha256:bd87f48924f360e5d1c5f770d6155ce0e7d83f7b4e10c2f9ec001c73cf475c99"},
    {file = "pydantic_core-2.16.3-cp310-cp310-musllinux_1_1_aarch64.whl", hash = "sha256:0df446663464884297c793874573549229f9eca73b59360878f382a0fc085979"},
    {file = "pydantic_core-2.16.3-cp310-cp310-musllinux_1_1_x86_64.whl", hash = "sha256:4df8a199d9f6afc5ae9a65f8f95ee52cae389a8c6b20163762bde0426275b7db"},
    {file = "pydantic_core-2.16.3-cp310-none-win32.whl", hash = "sha256:456855f57b413f077dff513a5a28ed838dbbb15082ba00f80750377eed23d132"},
    {file = "pydantic_core-2.16.3-cp310-none-win_amd64.whl", hash = "sha256:732da3243e1b8d3eab8c6ae23ae6a58548849d2e4a4e03a1924c8ddf71a387cb"},
    {file = "pydantic_core-2.16.3-cp311-cp311-macosx_10_12_x86_64.whl", hash = "sha256:519ae0312616026bf4cedc0fe459e982734f3ca82ee8c7246c19b650b60a5ee4"},
    {file = "pydantic_core-2.16.3-cp311-cp311-macosx_11_0_arm64.whl", hash = "sha256:b3992a322a5617ded0a9f23fd06dbc1e4bd7cf39bc4ccf344b10f80af58beacd"},
    {file = "pydantic_core-2.16.3-cp311-cp311-manylinux_2_17_aarch64.manylinux2014_aarch64.whl", hash = "sha256:8d62da299c6ecb04df729e4b5c52dc0d53f4f8430b4492b93aa8de1f541c4aac"},
    {file = "pydantic_core-2.16.3-cp311-cp311-manylinux_2_17_armv7l.manylinux2014_armv7l.whl", hash = "sha256:2acca2be4bb2f2147ada8cac612f8a98fc09f41c89f87add7256ad27332c2fda"},
    {file = "pydantic_core-2.16.3-cp311-cp311-manylinux_2_17_ppc64le.manylinux2014_ppc64le.whl", hash = "sha256:1b662180108c55dfbf1280d865b2d116633d436cfc0bba82323554873967b340"},
    {file = "pydantic_core-2.16.3-cp311-cp311-manylinux_2_17_s390x.manylinux2014_s390x.whl", hash = "sha256:e7c6ed0dc9d8e65f24f5824291550139fe6f37fac03788d4580da0d33bc00c97"},
    {file = "pydantic_core-2.16.3-cp311-cp311-manylinux_2_17_x86_64.manylinux2014_x86_64.whl", hash = "sha256:a6b1bb0827f56654b4437955555dc3aeeebeddc47c2d7ed575477f082622c49e"},
    {file = "pydantic_core-2.16.3-cp311-cp311-manylinux_2_5_i686.manylinux1_i686.whl", hash = "sha256:e56f8186d6210ac7ece503193ec84104da7ceb98f68ce18c07282fcc2452e76f"},
    {file = "pydantic_core-2.16.3-cp311-cp311-musllinux_1_1_aarch64.whl", hash = "sha256:936e5db01dd49476fa8f4383c259b8b1303d5dd5fb34c97de194560698cc2c5e"},
    {file = "pydantic_core-2.16.3-cp311-cp311-musllinux_1_1_x86_64.whl", hash = "sha256:33809aebac276089b78db106ee692bdc9044710e26f24a9a2eaa35a0f9fa70ba"},
    {file = "pydantic_core-2.16.3-cp311-none-win32.whl", hash = "sha256:ded1c35f15c9dea16ead9bffcde9bb5c7c031bff076355dc58dcb1cb436c4721"},
    {file = "pydantic_core-2.16.3-cp311-none-win_amd64.whl", hash = "sha256:d89ca19cdd0dd5f31606a9329e309d4fcbb3df860960acec32630297d61820df"},
    {file = "pydantic_core-2.16.3-cp311-none-win_arm64.whl", hash = "sha256:6162f8d2dc27ba21027f261e4fa26f8bcb3cf9784b7f9499466a311ac284b5b9"},
    {file = "pydantic_core-2.16.3-cp312-cp312-macosx_10_12_x86_64.whl", hash = "sha256:0f56ae86b60ea987ae8bcd6654a887238fd53d1384f9b222ac457070b7ac4cff"},
    {file = "pydantic_core-2.16.3-cp312-cp312-macosx_11_0_arm64.whl", hash = "sha256:c9bd22a2a639e26171068f8ebb5400ce2c1bc7d17959f60a3b753ae13c632975"},
    {file = "pydantic_core-2.16.3-cp312-cp312-manylinux_2_17_aarch64.manylinux2014_aarch64.whl", hash = "sha256:4204e773b4b408062960e65468d5346bdfe139247ee5f1ca2a378983e11388a2"},
    {file = "pydantic_core-2.16.3-cp312-cp312-manylinux_2_17_armv7l.manylinux2014_armv7l.whl", hash = "sha256:f651dd19363c632f4abe3480a7c87a9773be27cfe1341aef06e8759599454120"},
    {file = "pydantic_core-2.16.3-cp312-cp312-manylinux_2_17_ppc64le.manylinux2014_ppc64le.whl", hash = "sha256:aaf09e615a0bf98d406657e0008e4a8701b11481840be7d31755dc9f97c44053"},
    {file = "pydantic_core-2.16.3-cp312-cp312-manylinux_2_17_s390x.manylinux2014_s390x.whl", hash = "sha256:8e47755d8152c1ab5b55928ab422a76e2e7b22b5ed8e90a7d584268dd49e9c6b"},
    {file = "pydantic_core-2.16.3-cp312-cp312-manylinux_2_17_x86_64.manylinux2014_x86_64.whl", hash = "sha256:500960cb3a0543a724a81ba859da816e8cf01b0e6aaeedf2c3775d12ee49cade"},
    {file = "pydantic_core-2.16.3-cp312-cp312-manylinux_2_5_i686.manylinux1_i686.whl", hash = "sha256:cf6204fe865da605285c34cf1172879d0314ff267b1c35ff59de7154f35fdc2e"},
    {file = "pydantic_core-2.16.3-cp312-cp312-musllinux_1_1_aarch64.whl", hash = "sha256:d33dd21f572545649f90c38c227cc8631268ba25c460b5569abebdd0ec5974ca"},
    {file = "pydantic_core-2.16.3-cp312-cp312-musllinux_1_1_x86_64.whl", hash = "sha256:49d5d58abd4b83fb8ce763be7794d09b2f50f10aa65c0f0c1696c677edeb7cbf"},
    {file = "pydantic_core-2.16.3-cp312-none-win32.whl", hash = "sha256:f53aace168a2a10582e570b7736cc5bef12cae9cf21775e3eafac597e8551fbe"},
    {file = "pydantic_core-2.16.3-cp312-none-win_amd64.whl", hash = "sha256:0d32576b1de5a30d9a97f300cc6a3f4694c428d956adbc7e6e2f9cad279e45ed"},
    {file = "pydantic_core-2.16.3-cp312-none-win_arm64.whl", hash = "sha256:ec08be75bb268473677edb83ba71e7e74b43c008e4a7b1907c6d57e940bf34b6"},
    {file = "pydantic_core-2.16.3-cp38-cp38-macosx_10_12_x86_64.whl", hash = "sha256:b1f6f5938d63c6139860f044e2538baeee6f0b251a1816e7adb6cbce106a1f01"},
    {file = "pydantic_core-2.16.3-cp38-cp38-macosx_11_0_arm64.whl", hash = "sha256:2a1ef6a36fdbf71538142ed604ad19b82f67b05749512e47f247a6ddd06afdc7"},
    {file = "pydantic_core-2.16.3-cp38-cp38-manylinux_2_17_aarch64.manylinux2014_aarch64.whl", hash = "sha256:704d35ecc7e9c31d48926150afada60401c55efa3b46cd1ded5a01bdffaf1d48"},
    {file = "pydantic_core-2.16.3-cp38-cp38-manylinux_2_17_armv7l.manylinux2014_armv7l.whl", hash = "sha256:d937653a696465677ed583124b94a4b2d79f5e30b2c46115a68e482c6a591c8a"},
    {file = "pydantic_core-2.16.3-cp38-cp38-manylinux_2_17_ppc64le.manylinux2014_ppc64le.whl", hash = "sha256:c9803edf8e29bd825f43481f19c37f50d2b01899448273b3a7758441b512acf8"},
    {file = "pydantic_core-2.16.3-cp38-cp38-manylinux_2_17_s390x.manylinux2014_s390x.whl", hash = "sha256:72282ad4892a9fb2da25defeac8c2e84352c108705c972db82ab121d15f14e6d"},
    {file = "pydantic_core-2.16.3-cp38-cp38-manylinux_2_17_x86_64.manylinux2014_x86_64.whl", hash = "sha256:7f752826b5b8361193df55afcdf8ca6a57d0232653494ba473630a83ba50d8c9"},
    {file = "pydantic_core-2.16.3-cp38-cp38-manylinux_2_5_i686.manylinux1_i686.whl", hash = "sha256:4384a8f68ddb31a0b0c3deae88765f5868a1b9148939c3f4121233314ad5532c"},
    {file = "pydantic_core-2.16.3-cp38-cp38-musllinux_1_1_aarch64.whl", hash = "sha256:a4b2bf78342c40b3dc830880106f54328928ff03e357935ad26c7128bbd66ce8"},
    {file = "pydantic_core-2.16.3-cp38-cp38-musllinux_1_1_x86_64.whl", hash = "sha256:13dcc4802961b5f843a9385fc821a0b0135e8c07fc3d9949fd49627c1a5e6ae5"},
    {file = "pydantic_core-2.16.3-cp38-none-win32.whl", hash = "sha256:e3e70c94a0c3841e6aa831edab1619ad5c511199be94d0c11ba75fe06efe107a"},
    {file = "pydantic_core-2.16.3-cp38-none-win_amd64.whl", hash = "sha256:ecdf6bf5f578615f2e985a5e1f6572e23aa632c4bd1dc67f8f406d445ac115ed"},
    {file = "pydantic_core-2.16.3-cp39-cp39-macosx_10_12_x86_64.whl", hash = "sha256:bda1ee3e08252b8d41fa5537413ffdddd58fa73107171a126d3b9ff001b9b820"},
    {file = "pydantic_core-2.16.3-cp39-cp39-macosx_11_0_arm64.whl", hash = "sha256:21b888c973e4f26b7a96491c0965a8a312e13be108022ee510248fe379a5fa23"},
    {file = "pydantic_core-2.16.3-cp39-cp39-manylinux_2_17_aarch64.manylinux2014_aarch64.whl", hash = "sha256:be0ec334369316fa73448cc8c982c01e5d2a81c95969d58b8f6e272884df0074"},
    {file = "pydantic_core-2.16.3-cp39-cp39-manylinux_2_17_armv7l.manylinux2014_armv7l.whl", hash = "sha256:b5b6079cc452a7c53dd378c6f881ac528246b3ac9aae0f8eef98498a75657805"},
    {file = "pydantic_core-2.16.3-cp39-cp39-manylinux_2_17_ppc64le.manylinux2014_ppc64le.whl", hash = "sha256:7ee8d5f878dccb6d499ba4d30d757111847b6849ae07acdd1205fffa1fc1253c"},
    {file = "pydantic_core-2.16.3-cp39-cp39-manylinux_2_17_s390x.manylinux2014_s390x.whl", hash = "sha256:7233d65d9d651242a68801159763d09e9ec96e8a158dbf118dc090cd77a104c9"},
    {file = "pydantic_core-2.16.3-cp39-cp39-manylinux_2_17_x86_64.manylinux2014_x86_64.whl", hash = "sha256:c6119dc90483a5cb50a1306adb8d52c66e447da88ea44f323e0ae1a5fcb14256"},
    {file = "pydantic_core-2.16.3-cp39-cp39-manylinux_2_5_i686.manylinux1_i686.whl", hash = "sha256:578114bc803a4c1ff9946d977c221e4376620a46cf78da267d946397dc9514a8"},
    {file = "pydantic_core-2.16.3-cp39-cp39-musllinux_1_1_aarch64.whl", hash = "sha256:d8f99b147ff3fcf6b3cc60cb0c39ea443884d5559a30b1481e92495f2310ff2b"},
    {file = "pydantic_core-2.16.3-cp39-cp39-musllinux_1_1_x86_64.whl", hash = "sha256:4ac6b4ce1e7283d715c4b729d8f9dab9627586dafce81d9eaa009dd7f25dd972"},
    {file = "pydantic_core-2.16.3-cp39-none-win32.whl", hash = "sha256:e7774b570e61cb998490c5235740d475413a1f6de823169b4cf94e2fe9e9f6b2"},
    {file = "pydantic_core-2.16.3-cp39-none-win_amd64.whl", hash = "sha256:9091632a25b8b87b9a605ec0e61f241c456e9248bfdcf7abdf344fdb169c81cf"},
    {file = "pydantic_core-2.16.3-pp310-pypy310_pp73-macosx_10_12_x86_64.whl", hash = "sha256:36fa178aacbc277bc6b62a2c3da95226520da4f4e9e206fdf076484363895d2c"},
    {file = "pydantic_core-2.16.3-pp310-pypy310_pp73-macosx_11_0_arm64.whl", hash = "sha256:dcca5d2bf65c6fb591fff92da03f94cd4f315972f97c21975398bd4bd046854a"},
    {file = "pydantic_core-2.16.3-pp310-pypy310_pp73-manylinux_2_17_aarch64.manylinux2014_aarch64.whl", hash = "sha256:2a72fb9963cba4cd5793854fd12f4cfee731e86df140f59ff52a49b3552db241"},
    {file = "pydantic_core-2.16.3-pp310-pypy310_pp73-manylinux_2_17_x86_64.manylinux2014_x86_64.whl", hash = "sha256:b60cc1a081f80a2105a59385b92d82278b15d80ebb3adb200542ae165cd7d183"},
    {file = "pydantic_core-2.16.3-pp310-pypy310_pp73-manylinux_2_5_i686.manylinux1_i686.whl", hash = "sha256:cbcc558401de90a746d02ef330c528f2e668c83350f045833543cd57ecead1ad"},
    {file = "pydantic_core-2.16.3-pp310-pypy310_pp73-musllinux_1_1_aarch64.whl", hash = "sha256:fee427241c2d9fb7192b658190f9f5fd6dfe41e02f3c1489d2ec1e6a5ab1e04a"},
    {file = "pydantic_core-2.16.3-pp310-pypy310_pp73-musllinux_1_1_x86_64.whl", hash = "sha256:f4cb85f693044e0f71f394ff76c98ddc1bc0953e48c061725e540396d5c8a2e1"},
    {file = "pydantic_core-2.16.3-pp310-pypy310_pp73-win_amd64.whl", hash = "sha256:b29eeb887aa931c2fcef5aa515d9d176d25006794610c264ddc114c053bf96fe"},
    {file = "pydantic_core-2.16.3-pp39-pypy39_pp73-macosx_10_12_x86_64.whl", hash = "sha256:a425479ee40ff021f8216c9d07a6a3b54b31c8267c6e17aa88b70d7ebd0e5e5b"},
    {file = "pydantic_core-2.16.3-pp39-pypy39_pp73-macosx_11_0_arm64.whl", hash = "sha256:5c5cbc703168d1b7a838668998308018a2718c2130595e8e190220238addc96f"},
    {file = "pydantic_core-2.16.3-pp39-pypy39_pp73-manylinux_2_17_aarch64.manylinux2014_aarch64.whl", hash = "sha256:99b6add4c0b39a513d323d3b93bc173dac663c27b99860dd5bf491b240d26137"},
    {file = "pydantic_core-2.16.3-pp39-pypy39_pp73-manylinux_2_17_x86_64.manylinux2014_x86_64.whl", hash = "sha256:75f76ee558751746d6a38f89d60b6228fa174e5172d143886af0f85aa306fd89"},
    {file = "pydantic_core-2.16.3-pp39-pypy39_pp73-manylinux_2_5_i686.manylinux1_i686.whl", hash = "sha256:00ee1c97b5364b84cb0bd82e9bbf645d5e2871fb8c58059d158412fee2d33d8a"},
    {file = "pydantic_core-2.16.3-pp39-pypy39_pp73-musllinux_1_1_aarch64.whl", hash = "sha256:287073c66748f624be4cef893ef9174e3eb88fe0b8a78dc22e88eca4bc357ca6"},
    {file = "pydantic_core-2.16.3-pp39-pypy39_pp73-musllinux_1_1_x86_64.whl", hash = "sha256:ed25e1835c00a332cb10c683cd39da96a719ab1dfc08427d476bce41b92531fc"},
    {file = "pydantic_core-2.16.3-pp39-pypy39_pp73-win_amd64.whl", hash = "sha256:86b3d0033580bd6bbe07590152007275bd7af95f98eaa5bd36f3da219dcd93da"},
    {file = "pydantic_core-2.16.3.tar.gz", hash = "sha256:1cac689f80a3abab2d3c0048b29eea5751114054f032a941a32de4c852c59cad"},
]

[package.dependencies]
typing-extensions = ">=4.6.0,<4.7.0 || >4.7.0"

[[package]]
name = "pydantic-settings"
version = "2.1.0"
description = "Settings management using Pydantic"
category = "main"
optional = false
python-versions = ">=3.8"
files = [
    {file = "pydantic_settings-2.1.0-py3-none-any.whl", hash = "sha256:7621c0cb5d90d1140d2f0ef557bdf03573aac7035948109adf2574770b77605a"},
    {file = "pydantic_settings-2.1.0.tar.gz", hash = "sha256:26b1492e0a24755626ac5e6d715e9077ab7ad4fb5f19a8b7ed7011d52f36141c"},
]

[package.dependencies]
pydantic = ">=2.3.0"
python-dotenv = ">=0.21.0"

[[package]]
name = "pyserial"
version = "3.5"
description = "Python Serial Port Extension"
category = "main"
optional = false
python-versions = "*"
files = [
    {file = "pyserial-3.5-py2.py3-none-any.whl", hash = "sha256:c4451db6ba391ca6ca299fb3ec7bae67a5c55dde170964c7a14ceefec02f2cf0"},
    {file = "pyserial-3.5.tar.gz", hash = "sha256:3c77e014170dfffbd816e6ffc205e9842efb10be9f58ec16d3e8675b4925cddb"},
]

[package.extras]
cp2110 = ["hidapi"]

[[package]]
name = "python-dotenv"
version = "1.0.1"
description = "Read key-value pairs from a .env file and set them as environment variables"
category = "main"
optional = false
python-versions = ">=3.8"
files = [
    {file = "python-dotenv-1.0.1.tar.gz", hash = "sha256:e324ee90a023d808f1959c46bcbc04446a10ced277783dc6ee09987c37ec10ca"},
    {file = "python_dotenv-1.0.1-py3-none-any.whl", hash = "sha256:f7b63ef50f1b690dddf550d03497b66d609393b40b564ed0d674909a68ebf16a"},
]

[package.extras]
cli = ["click (>=5.0)"]

[[package]]
name = "pytz"
version = "2024.1"
description = "World timezone definitions, modern and historical"
category = "main"
optional = false
python-versions = "*"
files = [
    {file = "pytz-2024.1-py2.py3-none-any.whl", hash = "sha256:328171f4e3623139da4983451950b28e95ac706e13f3f2630a879749e7a8b319"},
    {file = "pytz-2024.1.tar.gz", hash = "sha256:2a29735ea9c18baf14b448846bde5a48030ed267578472d8955cd0e7443a9812"},
]

[[package]]
name = "smspdudecoder"
version = "2.1.0"
description = "Python SMS PDU Decoder"
category = "main"
optional = false
python-versions = "*"
files = [
    {file = "smspdudecoder-2.1.0-py3-none-any.whl", hash = "sha256:444091406db19d1c8ec680255421d2a5c39801b8e5e7154064ad963a0d9c39b6"},
    {file = "smspdudecoder-2.1.0.tar.gz", hash = "sha256:b54b5270aab95aee990e04965b651d5bf4ba33e5da7086729797fe45fabdd882"},
]

[package.dependencies]
bitstring = ">=3.1"
pytz = "*"

[[package]]
name = "typing-extensions"
version = "4.12.0"
description = "Backported and Experimental Type Hints for Python 3.8+"
category = "main"
optional = false
python-versions = ">=3.8"
files = [
    {file = "typing_extensions-4.12.0-py3-none-any.whl", hash = "sha256:b349c66bea9016ac22978d800cfff206d5f9816951f12a7d0ec5578b0a819594"},
    {file = "typing_extensions-4.12.0.tar.gz", hash = "sha256:8cbcdc8606ebcb0d95453ad7dc5065e6237b6aa230a31e81d0f440c30fed5fd8"},
]

[metadata]
lock-version = "2.0"
python-versions = "^3.10"
content-hash = "8f34c6864d1497dabf670e1762a0b8236b537d07f1a07ea32f4503be5c237a50"
